{
  "pins" : [
    {
      "identity" : "codeeditor",
      "kind" : "remoteSourceControl",
      "location" : "https://github.com/ZeeZide/CodeEditor.git",
      "state" : {
        "branch" : "main",
        "revision" : "60e6ba600745fa2dbf45a1174a55e75627f0e29a"
      }
    },
    {
      "identity" : "highlightr",
      "kind" : "remoteSourceControl",
      "location" : "https://github.com/raspu/Highlightr",
      "state" : {
        "revision" : "93199b9e434f04bda956a613af8f571933f9f037",
        "version" : "2.1.2"
      }
    }
  ],
  "version" : 2
}
