{
  "pins" : [
    {
      "identity" : "codeeditor",
      "kind" : "remoteSourceControl",
      "location" : "https://github.com/ZeeZide/CodeEditor.git",
      "state" : {
        "branch" : "main",
        "revision" : "60e6ba600745fa2dbf45a1174a55e75627f0e29a"
      }
    },
    {
      "identity" : "highlightr",
      "kind" : "remoteSourceControl",
      "location" : "https://github.com/raspu/Highlightr",
      "state" : {
        "branch" : "master",
        "revision" : "628094ff81cdebf31da6bf31be4b4ac758c127a4"
      }
    }
  ],
  "version" : 2
}
