// !$*UTF8*$!
{
	archiveVersion = 1;
	classes = {
	};
	objectVersion = 55;
	objects = {

/* Begin PBXBuildFile section */
		1BEF933CE572A9F9E47F2285 /* Pods_BlockNote_appTests.framework in Frameworks */ = {isa = PBXBuildFile; fileRef = C9FE5105619F2122C1A13D5E /* Pods_BlockNote_appTests.framework */; };
		4E085738299A7CF1006A6ABB /* DynamicHeightForTableView.swift in Sources */ = {isa = PBXBuildFile; fileRef = 4E085737299A7CF1006A6ABB /* DynamicHeightForTableView.swift */; };
		4E0EBDBA2971AE39002530FF /* Assets.xcassets in Resources */ = {isa = PBXBuildFile; fileRef = 4E0EBDB92971AE39002530FF /* Assets.xcassets */; };
		4E0EBDBD2971AE5C002530FF /* SnowScene.swift in Sources */ = {isa = PBXBuildFile; fileRef = 4E0EBDBB2971AE5C002530FF /* SnowScene.swift */; };
		4E0EBDBE2971AE5C002530FF /* SnowBackground.sks in Resources */ = {isa = PBXBuildFile; fileRef = 4E0EBDBC2971AE5C002530FF /* SnowBackground.sks */; };
		4E0FC394281FE38200334783 /* DynamicHeightLayout.swift in Sources */ = {isa = PBXBuildFile; fileRef = 4E0FC393281FE38200334783 /* DynamicHeightLayout.swift */; };
		4E1803A8274058EA0096A87C /* AppDelegate.swift in Sources */ = {isa = PBXBuildFile; fileRef = 4E1803A7274058EA0096A87C /* AppDelegate.swift */; };
		4E1803AA274058EA0096A87C /* SceneDelegate.swift in Sources */ = {isa = PBXBuildFile; fileRef = 4E1803A9274058EA0096A87C /* SceneDelegate.swift */; };
		4E1803AF274058EA0096A87C /* Main.storyboard in Resources */ = {isa = PBXBuildFile; fileRef = 4E1803AD274058EA0096A87C /* Main.storyboard */; };
		4E1803B2274058EA0096A87C /* BlockNote_app.xcdatamodeld in Sources */ = {isa = PBXBuildFile; fileRef = 4E1803B0274058EA0096A87C /* BlockNote_app.xcdatamodeld */; };
		4E1803B4274058F00096A87C /* Assets.xcassets in Resources */ = {isa = PBXBuildFile; fileRef = 4E1803B3274058F00096A87C /* Assets.xcassets */; };
		4E1803B7274058F00096A87C /* LaunchScreen.storyboard in Resources */ = {isa = PBXBuildFile; fileRef = 4E1803B5274058F00096A87C /* LaunchScreen.storyboard */; };
		4E1803C2274058F00096A87C /* BlockNoteAppTests.swift in Sources */ = {isa = PBXBuildFile; fileRef = 4E1803C1274058F00096A87C /* BlockNoteAppTests.swift */; };
		4E1803CC274058F00096A87C /* BlockNote_appUITests.swift in Sources */ = {isa = PBXBuildFile; fileRef = 4E1803CB274058F00096A87C /* BlockNote_appUITests.swift */; };
		4E1803CE274058F00096A87C /* BlockNote_appUITestsLaunchTests.swift in Sources */ = {isa = PBXBuildFile; fileRef = 4E1803CD274058F00096A87C /* BlockNote_appUITestsLaunchTests.swift */; };
		4E1A41A82A59803A007BFC4A /* C2DetailVC.swift in Sources */ = {isa = PBXBuildFile; fileRef = 4E1A41A72A59803A007BFC4A /* C2DetailVC.swift */; };
		4E1A41AA2A598052007BFC4A /* C2DetailPresenter.swift in Sources */ = {isa = PBXBuildFile; fileRef = 4E1A41A92A598052007BFC4A /* C2DetailPresenter.swift */; };
		4E239C9727A46FE1000A51A6 /* groupViewCell.swift in Sources */ = {isa = PBXBuildFile; fileRef = 4E239C9627A46FE1000A51A6 /* groupViewCell.swift */; };
		4E44C7AB278CD52C0054E5E2 /* CodeEditor in Frameworks */ = {isa = PBXBuildFile; productRef = 4E44C7AA278CD52C0054E5E2 /* CodeEditor */; };
		4E48DFD9294EC4D400E29ABD /* AgendaView.swift in Sources */ = {isa = PBXBuildFile; fileRef = 4E48DFD8294EC4D400E29ABD /* AgendaView.swift */; };
		4E53EAFB2794288800D89CB7 /* DynamicHeightCollectionView.swift in Sources */ = {isa = PBXBuildFile; fileRef = 4E53EAFA2794288800D89CB7 /* DynamicHeightCollectionView.swift */; };
		4E53FD6F29E169B300C0FFC3 /* PersistenceBlockController.swift in Sources */ = {isa = PBXBuildFile; fileRef = 4E53FD6E29E169B300C0FFC3 /* PersistenceBlockController.swift */; };
		4E55323C2766412F0013E097 /* Note+CoreDataClass.swift in Sources */ = {isa = PBXBuildFile; fileRef = 4E55323A2766412F0013E097 /* Note+CoreDataClass.swift */; };
		4E55323D2766412F0013E097 /* Note+CoreDataProperties.swift in Sources */ = {isa = PBXBuildFile; fileRef = 4E55323B2766412F0013E097 /* Note+CoreDataProperties.swift */; };
		4E55324427666AF20013E097 /* ViewModifications.swift in Sources */ = {isa = PBXBuildFile; fileRef = 4E55324327666AF10013E097 /* ViewModifications.swift */; };
		4E58B39C2972C89E00710CE7 /* TVSpaceBlock.swift in Sources */ = {isa = PBXBuildFile; fileRef = 4E58B39B2972C89E00710CE7 /* TVSpaceBlock.swift */; };
		4E639F4E274C118E000E249A /* GroupType+CoreDataClass.swift in Sources */ = {isa = PBXBuildFile; fileRef = 4E639F4C274C118E000E249A /* GroupType+CoreDataClass.swift */; };
		4E639F4F274C118E000E249A /* GroupType+CoreDataProperties.swift in Sources */ = {isa = PBXBuildFile; fileRef = 4E639F4D274C118E000E249A /* GroupType+CoreDataProperties.swift */; };
		4E8209A72A4D9436006E8CC1 /* C2NavViewController.swift in Sources */ = {isa = PBXBuildFile; fileRef = 4E8209A62A4D9436006E8CC1 /* C2NavViewController.swift */; };
		4E8209AA2A4D9476006E8CC1 /* C2NavViewPresenter.swift in Sources */ = {isa = PBXBuildFile; fileRef = 4E8209A92A4D9476006E8CC1 /* C2NavViewPresenter.swift */; };
		4E8A43182A62C2BE004999CF /* C3NoteDetailVC.swift in Sources */ = {isa = PBXBuildFile; fileRef = 4E8A43172A62C2BE004999CF /* C3NoteDetailVC.swift */; };
		4E8A431A2A62C2CB004999CF /* C3NoteDetailPresenter.swift in Sources */ = {isa = PBXBuildFile; fileRef = 4E8A43192A62C2CB004999CF /* C3NoteDetailPresenter.swift */; };
		4E8F7EDF298A54130085027A /* Constants.swift in Sources */ = {isa = PBXBuildFile; fileRef = 4E8F7EDE298A54130085027A /* Constants.swift */; };
		4EA3A4692A599FDA002201CD /* Builder.swift in Sources */ = {isa = PBXBuildFile; fileRef = 4EA3A4682A599FDA002201CD /* Builder.swift */; };
		4EAB12FF29CC372800416718 /* NewPhotoBlock.swift in Sources */ = {isa = PBXBuildFile; fileRef = 4EAB12FE29CC372800416718 /* NewPhotoBlock.swift */; };
		4EAB130429CC3F9F00416718 /* ImageCollectionViewCell.swift in Sources */ = {isa = PBXBuildFile; fileRef = 4EAB130229CC3F9F00416718 /* ImageCollectionViewCell.swift */; };
		4EAB130529CC3F9F00416718 /* ImageCollectionViewCell.xib in Resources */ = {isa = PBXBuildFile; fileRef = 4EAB130329CC3F9F00416718 /* ImageCollectionViewCell.xib */; };
		4EAB131129CC91AE00416718 /* Photo+CoreDataProperties.swift in Sources */ = {isa = PBXBuildFile; fileRef = 4EAB130F29CC91AE00416718 /* Photo+CoreDataProperties.swift */; };
		4EAB131229CC91AE00416718 /* Photo+CoreDataClass.swift in Sources */ = {isa = PBXBuildFile; fileRef = 4EAB131029CC91AE00416718 /* Photo+CoreDataClass.swift */; };
		4EB3A2BB2A87F42C00B3B743 /* C2GroupView.swift in Sources */ = {isa = PBXBuildFile; fileRef = 4EB3A2BA2A87F42C00B3B743 /* C2GroupView.swift */; };
		4EB3A2BE2A87F54D00B3B743 /* С2GroupVM.swift in Sources */ = {isa = PBXBuildFile; fileRef = 4EB3A2BD2A87F54D00B3B743 /* С2GroupVM.swift */; };
		4EB9E53729C5FD1800D41AC1 /* GroupUICollectionViewCellAnimated.swift in Sources */ = {isa = PBXBuildFile; fileRef = 4EB9E53629C5FD1800D41AC1 /* GroupUICollectionViewCellAnimated.swift */; };
		4EB9E53929C632AE00D41AC1 /* Sorting.swift in Sources */ = {isa = PBXBuildFile; fileRef = 4EB9E53829C632AE00D41AC1 /* Sorting.swift */; };
		4EBAB24F2873983400A2AC05 /* TVTitleBlock.swift in Sources */ = {isa = PBXBuildFile; fileRef = 4EBAB24D2873983400A2AC05 /* TVTitleBlock.swift */; };
		4EBAB2552873987600A2AC05 /* TVPhotoBlock.swift in Sources */ = {isa = PBXBuildFile; fileRef = 4EBAB2532873987600A2AC05 /* TVPhotoBlock.swift */; };
		4EBAB259287398C500A2AC05 /* TVCodeBlock.swift in Sources */ = {isa = PBXBuildFile; fileRef = 4EBAB257287398C500A2AC05 /* TVCodeBlock.swift */; };
		4EBAB25E2873990200A2AC05 /* TVToDoBlock.swift in Sources */ = {isa = PBXBuildFile; fileRef = 4EBAB25C2873990200A2AC05 /* TVToDoBlock.swift */; };
		4EBAB2642873997900A2AC05 /* TVListBlock.swift in Sources */ = {isa = PBXBuildFile; fileRef = 4EBAB2622873997900A2AC05 /* TVListBlock.swift */; };
		4ECC8C4629BDC3A400E7F64B /* Agenda+CoreDataProperties.swift in Sources */ = {isa = PBXBuildFile; fileRef = 4ECC8C4429BDC3A400E7F64B /* Agenda+CoreDataProperties.swift */; };
		4ECC8C4729BDC3A400E7F64B /* Agenda+CoreDataClass.swift in Sources */ = {isa = PBXBuildFile; fileRef = 4ECC8C4529BDC3A400E7F64B /* Agenda+CoreDataClass.swift */; };
		4ED5C4612A92B5400009DC5E /* CustomPopoverView.swift in Sources */ = {isa = PBXBuildFile; fileRef = 4ED5C4602A92B5400009DC5E /* CustomPopoverView.swift */; };
		4ED982F4283EB9110063C1F1 /* StringHeight.swift in Sources */ = {isa = PBXBuildFile; fileRef = 4ED982F3283EB9110063C1F1 /* StringHeight.swift */; };
		4EDC0FEE2A893B5A001A70D1 /* EmojiPicker.swift in Sources */ = {isa = PBXBuildFile; fileRef = 4EDC0FED2A893B5A001A70D1 /* EmojiPicker.swift */; };
		4EE639C9282C43AF00CD08B2 /* TVTextBlock.swift in Sources */ = {isa = PBXBuildFile; fileRef = 4EE639C7282C43AF00CD08B2 /* TVTextBlock.swift */; };
		4EF38796298D633F00CC1306 /* dockButton.swift in Sources */ = {isa = PBXBuildFile; fileRef = 4EF38795298D633F00CC1306 /* dockButton.swift */; };
		4EF38798298D869500CC1306 /* dockTextButton.swift in Sources */ = {isa = PBXBuildFile; fileRef = 4EF38797298D869500CC1306 /* dockTextButton.swift */; };
		4EF4CBC827F1E7520034D66B /* NoteViewCell.swift in Sources */ = {isa = PBXBuildFile; fileRef = 4EF4CBC627F1E7520034D66B /* NoteViewCell.swift */; };
		4EF4CBC927F1E7520034D66B /* NoteViewCell.xib in Resources */ = {isa = PBXBuildFile; fileRef = 4EF4CBC727F1E7520034D66B /* NoteViewCell.xib */; };
		4EFA5FB7274077540096F021 /* NoteItem+CoreDataClass.swift in Sources */ = {isa = PBXBuildFile; fileRef = 4EFA5FB5274077540096F021 /* NoteItem+CoreDataClass.swift */; };
		4EFA5FB8274077540096F021 /* NoteItem+CoreDataProperties.swift in Sources */ = {isa = PBXBuildFile; fileRef = 4EFA5FB6274077540096F021 /* NoteItem+CoreDataProperties.swift */; };
		4EFA5FBB274079D80096F021 /* Extensions.swift in Sources */ = {isa = PBXBuildFile; fileRef = 4EFA5FBA274079D80096F021 /* Extensions.swift */; };
		4EFA5FBD27407A080096F021 /* Persistence.swift in Sources */ = {isa = PBXBuildFile; fileRef = 4EFA5FBC27407A080096F021 /* Persistence.swift */; };
		6579EBDF275421AF7431A790 /* Pods_BlockNote_app.framework in Frameworks */ = {isa = PBXBuildFile; fileRef = 1AC88396065F4498B4887CE5 /* Pods_BlockNote_app.framework */; };
		8060F336A684D6361B5B5B4A /* Pods_BlockNote_app_BlockNote_appUITests.framework in Frameworks */ = {isa = PBXBuildFile; fileRef = A9EECB4F15FDF54EF6348190 /* Pods_BlockNote_app_BlockNote_appUITests.framework */; };
		CE3ADCF82A73A504008F922B /* TimeAgendaView.swift in Sources */ = {isa = PBXBuildFile; fileRef = CE3ADCF72A73A504008F922B /* TimeAgendaView.swift */; };
		CE3ADCFB2A73AAB0008F922B /* DataController.swift in Sources */ = {isa = PBXBuildFile; fileRef = CE3ADCFA2A73AAB0008F922B /* DataController.swift */; };
		CE41AE032AA84884004AE375 /* TVProgressBlock.swift in Sources */ = {isa = PBXBuildFile; fileRef = CE41AE022AA84884004AE375 /* TVProgressBlock.swift */; };
		CE41AE052AA849CC004AE375 /* ProgressView.swift in Sources */ = {isa = PBXBuildFile; fileRef = CE41AE042AA849CC004AE375 /* ProgressView.swift */; };
		CE76BC152AA84C1800725ED0 /* CircularView.swift in Sources */ = {isa = PBXBuildFile; fileRef = CE76BC142AA84C1800725ED0 /* CircularView.swift */; };
		CE79522E2A8369950003EDD8 /* UIHelper.swift in Sources */ = {isa = PBXBuildFile; fileRef = CE79522D2A8369950003EDD8 /* UIHelper.swift */; };
		CEFCDE562A72CBCE00F562AF /* TimeAgendaVM.swift in Sources */ = {isa = PBXBuildFile; fileRef = CEFCDE552A72CBCE00F562AF /* TimeAgendaVM.swift */; };
		E52DC01D2ABF2B0200C344F1 /* Markdown in Frameworks */ = {isa = PBXBuildFile; productRef = E52DC01C2ABF2B0200C344F1 /* Markdown */; };
		E52DC0212ABF327200C344F1 /* StatisticsView.swift in Sources */ = {isa = PBXBuildFile; fileRef = E52DC0202ABF327200C344F1 /* StatisticsView.swift */; };
		E5352BFC2AB65EC9000C9474 /* ViewModifiers.swift in Sources */ = {isa = PBXBuildFile; fileRef = E5352BFB2AB65EC9000C9474 /* ViewModifiers.swift */; };
		E553D6C42AB0E13300937685 /* AgendaVC.swift in Sources */ = {isa = PBXBuildFile; fileRef = E553D6C32AB0E13300937685 /* AgendaVC.swift */; };
		E553D6C62AB0E14300937685 /* AgendaVCPresenter.swift in Sources */ = {isa = PBXBuildFile; fileRef = E553D6C52AB0E14300937685 /* AgendaVCPresenter.swift */; };
		E5A30C952AAE1E5E004BA5EE /* C2GroupViewBuilder.swift in Sources */ = {isa = PBXBuildFile; fileRef = E5A30C942AAE1E5E004BA5EE /* C2GroupViewBuilder.swift */; };
		E5F8A5832AC206D1006D972B /* BlankView.swift in Sources */ = {isa = PBXBuildFile; fileRef = E5F8A5822AC206D1006D972B /* BlankView.swift */; };
/* End PBXBuildFile section */

/* Begin PBXContainerItemProxy section */
		4E1803BE274058F00096A87C /* PBXContainerItemProxy */ = {
			isa = PBXContainerItemProxy;
			containerPortal = 4E18039C274058EA0096A87C /* Project object */;
			proxyType = 1;
			remoteGlobalIDString = 4E1803A3274058EA0096A87C;
			remoteInfo = "BlockNote app";
		};
		4E1803C8274058F00096A87C /* PBXContainerItemProxy */ = {
			isa = PBXContainerItemProxy;
			containerPortal = 4E18039C274058EA0096A87C /* Project object */;
			proxyType = 1;
			remoteGlobalIDString = 4E1803A3274058EA0096A87C;
			remoteInfo = "BlockNote app";
		};
/* End PBXContainerItemProxy section */

/* Begin PBXFileReference section */
		17F35A151EF1024AE814C0CC /* Pods-BlockNote appTests.release.xcconfig */ = {isa = PBXFileReference; includeInIndex = 1; lastKnownFileType = text.xcconfig; name = "Pods-BlockNote appTests.release.xcconfig"; path = "Target Support Files/Pods-BlockNote appTests/Pods-BlockNote appTests.release.xcconfig"; sourceTree = "<group>"; };
		1AC88396065F4498B4887CE5 /* Pods_BlockNote_app.framework */ = {isa = PBXFileReference; explicitFileType = wrapper.framework; includeInIndex = 0; path = Pods_BlockNote_app.framework; sourceTree = BUILT_PRODUCTS_DIR; };
		294F13A704046044F78BDA64 /* Pods-BlockNote app-BlockNote appUITests.debug.xcconfig */ = {isa = PBXFileReference; includeInIndex = 1; lastKnownFileType = text.xcconfig; name = "Pods-BlockNote app-BlockNote appUITests.debug.xcconfig"; path = "Target Support Files/Pods-BlockNote app-BlockNote appUITests/Pods-BlockNote app-BlockNote appUITests.debug.xcconfig"; sourceTree = "<group>"; };
		301435EC7D9809E0EA4FCE68 /* Pods-BlockNote appTests.debug.xcconfig */ = {isa = PBXFileReference; includeInIndex = 1; lastKnownFileType = text.xcconfig; name = "Pods-BlockNote appTests.debug.xcconfig"; path = "Target Support Files/Pods-BlockNote appTests/Pods-BlockNote appTests.debug.xcconfig"; sourceTree = "<group>"; };
		4E085737299A7CF1006A6ABB /* DynamicHeightForTableView.swift */ = {isa = PBXFileReference; lastKnownFileType = sourcecode.swift; path = DynamicHeightForTableView.swift; sourceTree = "<group>"; };
		4E0EBDB92971AE39002530FF /* Assets.xcassets */ = {isa = PBXFileReference; lastKnownFileType = folder.assetcatalog; path = Assets.xcassets; sourceTree = "<group>"; };
		4E0EBDBB2971AE5C002530FF /* SnowScene.swift */ = {isa = PBXFileReference; fileEncoding = 4; lastKnownFileType = sourcecode.swift; path = SnowScene.swift; sourceTree = "<group>"; };
		4E0EBDBC2971AE5C002530FF /* SnowBackground.sks */ = {isa = PBXFileReference; lastKnownFileType = file.sks; path = SnowBackground.sks; sourceTree = "<group>"; };
		4E0FC393281FE38200334783 /* DynamicHeightLayout.swift */ = {isa = PBXFileReference; lastKnownFileType = sourcecode.swift; path = DynamicHeightLayout.swift; sourceTree = "<group>"; };
		4E1803A4274058EA0096A87C /* BlockNote app.app */ = {isa = PBXFileReference; explicitFileType = wrapper.application; includeInIndex = 0; path = "BlockNote app.app"; sourceTree = BUILT_PRODUCTS_DIR; };
		4E1803A7274058EA0096A87C /* AppDelegate.swift */ = {isa = PBXFileReference; lastKnownFileType = sourcecode.swift; path = AppDelegate.swift; sourceTree = "<group>"; };
		4E1803A9274058EA0096A87C /* SceneDelegate.swift */ = {isa = PBXFileReference; lastKnownFileType = sourcecode.swift; path = SceneDelegate.swift; sourceTree = "<group>"; };
		4E1803AE274058EA0096A87C /* Base */ = {isa = PBXFileReference; lastKnownFileType = file.storyboard; name = Base; path = Base.lproj/Main.storyboard; sourceTree = "<group>"; };
		4E1803B1274058EA0096A87C /* BlockNote_app.xcdatamodel */ = {isa = PBXFileReference; lastKnownFileType = wrapper.xcdatamodel; path = BlockNote_app.xcdatamodel; sourceTree = "<group>"; };
		4E1803B3274058F00096A87C /* Assets.xcassets */ = {isa = PBXFileReference; lastKnownFileType = folder.assetcatalog; path = Assets.xcassets; sourceTree = "<group>"; };
		4E1803B6274058F00096A87C /* Base */ = {isa = PBXFileReference; lastKnownFileType = file.storyboard; name = Base; path = Base.lproj/LaunchScreen.storyboard; sourceTree = "<group>"; };
		4E1803B8274058F00096A87C /* Info.plist */ = {isa = PBXFileReference; lastKnownFileType = text.plist.xml; path = Info.plist; sourceTree = "<group>"; };
		4E1803BD274058F00096A87C /* BlockNote appTests.xctest */ = {isa = PBXFileReference; explicitFileType = wrapper.cfbundle; includeInIndex = 0; path = "BlockNote appTests.xctest"; sourceTree = BUILT_PRODUCTS_DIR; };
		4E1803C1274058F00096A87C /* BlockNoteAppTests.swift */ = {isa = PBXFileReference; lastKnownFileType = sourcecode.swift; path = BlockNoteAppTests.swift; sourceTree = "<group>"; };
		4E1803C7274058F00096A87C /* BlockNote appUITests.xctest */ = {isa = PBXFileReference; explicitFileType = wrapper.cfbundle; includeInIndex = 0; path = "BlockNote appUITests.xctest"; sourceTree = BUILT_PRODUCTS_DIR; };
		4E1803CB274058F00096A87C /* BlockNote_appUITests.swift */ = {isa = PBXFileReference; lastKnownFileType = sourcecode.swift; path = BlockNote_appUITests.swift; sourceTree = "<group>"; };
		4E1803CD274058F00096A87C /* BlockNote_appUITestsLaunchTests.swift */ = {isa = PBXFileReference; lastKnownFileType = sourcecode.swift; path = BlockNote_appUITestsLaunchTests.swift; sourceTree = "<group>"; };
		4E1A41A72A59803A007BFC4A /* C2DetailVC.swift */ = {isa = PBXFileReference; lastKnownFileType = sourcecode.swift; path = C2DetailVC.swift; sourceTree = "<group>"; };
		4E1A41A92A598052007BFC4A /* C2DetailPresenter.swift */ = {isa = PBXFileReference; lastKnownFileType = sourcecode.swift; path = C2DetailPresenter.swift; sourceTree = "<group>"; };
		4E239C9627A46FE1000A51A6 /* groupViewCell.swift */ = {isa = PBXFileReference; lastKnownFileType = sourcecode.swift; path = groupViewCell.swift; sourceTree = "<group>"; };
		4E48DFD8294EC4D400E29ABD /* AgendaView.swift */ = {isa = PBXFileReference; lastKnownFileType = sourcecode.swift; path = AgendaView.swift; sourceTree = "<group>"; };
		4E53EAFA2794288800D89CB7 /* DynamicHeightCollectionView.swift */ = {isa = PBXFileReference; lastKnownFileType = sourcecode.swift; path = DynamicHeightCollectionView.swift; sourceTree = "<group>"; };
		4E53FD6E29E169B300C0FFC3 /* PersistenceBlockController.swift */ = {isa = PBXFileReference; lastKnownFileType = sourcecode.swift; path = PersistenceBlockController.swift; sourceTree = "<group>"; };
		4E55323A2766412F0013E097 /* Note+CoreDataClass.swift */ = {isa = PBXFileReference; lastKnownFileType = sourcecode.swift; path = "Note+CoreDataClass.swift"; sourceTree = "<group>"; };
		4E55323B2766412F0013E097 /* Note+CoreDataProperties.swift */ = {isa = PBXFileReference; lastKnownFileType = sourcecode.swift; path = "Note+CoreDataProperties.swift"; sourceTree = "<group>"; };
		4E55324327666AF10013E097 /* ViewModifications.swift */ = {isa = PBXFileReference; lastKnownFileType = sourcecode.swift; path = ViewModifications.swift; sourceTree = "<group>"; };
		4E58B39B2972C89E00710CE7 /* TVSpaceBlock.swift */ = {isa = PBXFileReference; lastKnownFileType = sourcecode.swift; path = TVSpaceBlock.swift; sourceTree = "<group>"; };
		4E639F4C274C118E000E249A /* GroupType+CoreDataClass.swift */ = {isa = PBXFileReference; lastKnownFileType = sourcecode.swift; path = "GroupType+CoreDataClass.swift"; sourceTree = "<group>"; };
		4E639F4D274C118E000E249A /* GroupType+CoreDataProperties.swift */ = {isa = PBXFileReference; lastKnownFileType = sourcecode.swift; path = "GroupType+CoreDataProperties.swift"; sourceTree = "<group>"; };
		4E8209A62A4D9436006E8CC1 /* C2NavViewController.swift */ = {isa = PBXFileReference; lastKnownFileType = sourcecode.swift; path = C2NavViewController.swift; sourceTree = "<group>"; };
		4E8209A92A4D9476006E8CC1 /* C2NavViewPresenter.swift */ = {isa = PBXFileReference; lastKnownFileType = sourcecode.swift; path = C2NavViewPresenter.swift; sourceTree = "<group>"; };
		4E8A43172A62C2BE004999CF /* C3NoteDetailVC.swift */ = {isa = PBXFileReference; lastKnownFileType = sourcecode.swift; path = C3NoteDetailVC.swift; sourceTree = "<group>"; };
		4E8A43192A62C2CB004999CF /* C3NoteDetailPresenter.swift */ = {isa = PBXFileReference; lastKnownFileType = sourcecode.swift; path = C3NoteDetailPresenter.swift; sourceTree = "<group>"; };
		4E8F7EDE298A54130085027A /* Constants.swift */ = {isa = PBXFileReference; lastKnownFileType = sourcecode.swift; path = Constants.swift; sourceTree = "<group>"; };
		4EA3A4682A599FDA002201CD /* Builder.swift */ = {isa = PBXFileReference; lastKnownFileType = sourcecode.swift; path = Builder.swift; sourceTree = "<group>"; };
		4EAB12FE29CC372800416718 /* NewPhotoBlock.swift */ = {isa = PBXFileReference; lastKnownFileType = sourcecode.swift; path = NewPhotoBlock.swift; sourceTree = "<group>"; };
		4EAB130229CC3F9F00416718 /* ImageCollectionViewCell.swift */ = {isa = PBXFileReference; lastKnownFileType = sourcecode.swift; path = ImageCollectionViewCell.swift; sourceTree = "<group>"; };
		4EAB130329CC3F9F00416718 /* ImageCollectionViewCell.xib */ = {isa = PBXFileReference; lastKnownFileType = file.xib; path = ImageCollectionViewCell.xib; sourceTree = "<group>"; };
		4EAB130F29CC91AE00416718 /* Photo+CoreDataProperties.swift */ = {isa = PBXFileReference; fileEncoding = 4; lastKnownFileType = sourcecode.swift; path = "Photo+CoreDataProperties.swift"; sourceTree = "<group>"; };
		4EAB131029CC91AE00416718 /* Photo+CoreDataClass.swift */ = {isa = PBXFileReference; fileEncoding = 4; lastKnownFileType = sourcecode.swift; path = "Photo+CoreDataClass.swift"; sourceTree = "<group>"; };
		4EB3A2BA2A87F42C00B3B743 /* C2GroupView.swift */ = {isa = PBXFileReference; lastKnownFileType = sourcecode.swift; path = C2GroupView.swift; sourceTree = "<group>"; };
		4EB3A2BD2A87F54D00B3B743 /* С2GroupVM.swift */ = {isa = PBXFileReference; lastKnownFileType = sourcecode.swift; path = "С2GroupVM.swift"; sourceTree = "<group>"; };
		4EB9E53629C5FD1800D41AC1 /* GroupUICollectionViewCellAnimated.swift */ = {isa = PBXFileReference; lastKnownFileType = sourcecode.swift; path = GroupUICollectionViewCellAnimated.swift; sourceTree = "<group>"; };
		4EB9E53829C632AE00D41AC1 /* Sorting.swift */ = {isa = PBXFileReference; lastKnownFileType = sourcecode.swift; path = Sorting.swift; sourceTree = "<group>"; };
		4EBAB24D2873983400A2AC05 /* TVTitleBlock.swift */ = {isa = PBXFileReference; lastKnownFileType = sourcecode.swift; path = TVTitleBlock.swift; sourceTree = "<group>"; };
		4EBAB2532873987600A2AC05 /* TVPhotoBlock.swift */ = {isa = PBXFileReference; lastKnownFileType = sourcecode.swift; path = TVPhotoBlock.swift; sourceTree = "<group>"; };
		4EBAB257287398C500A2AC05 /* TVCodeBlock.swift */ = {isa = PBXFileReference; lastKnownFileType = sourcecode.swift; path = TVCodeBlock.swift; sourceTree = "<group>"; };
		4EBAB25C2873990200A2AC05 /* TVToDoBlock.swift */ = {isa = PBXFileReference; lastKnownFileType = sourcecode.swift; path = TVToDoBlock.swift; sourceTree = "<group>"; };
		4EBAB2622873997900A2AC05 /* TVListBlock.swift */ = {isa = PBXFileReference; lastKnownFileType = sourcecode.swift; path = TVListBlock.swift; sourceTree = "<group>"; };
		4ECC8C4429BDC3A400E7F64B /* Agenda+CoreDataProperties.swift */ = {isa = PBXFileReference; fileEncoding = 4; lastKnownFileType = sourcecode.swift; path = "Agenda+CoreDataProperties.swift"; sourceTree = "<group>"; };
		4ECC8C4529BDC3A400E7F64B /* Agenda+CoreDataClass.swift */ = {isa = PBXFileReference; fileEncoding = 4; lastKnownFileType = sourcecode.swift; path = "Agenda+CoreDataClass.swift"; sourceTree = "<group>"; };
		4ED5C4602A92B5400009DC5E /* CustomPopoverView.swift */ = {isa = PBXFileReference; lastKnownFileType = sourcecode.swift; path = CustomPopoverView.swift; sourceTree = "<group>"; };
		4ED982F3283EB9110063C1F1 /* StringHeight.swift */ = {isa = PBXFileReference; lastKnownFileType = sourcecode.swift; path = StringHeight.swift; sourceTree = "<group>"; };
		4EDC0FED2A893B5A001A70D1 /* EmojiPicker.swift */ = {isa = PBXFileReference; lastKnownFileType = sourcecode.swift; path = EmojiPicker.swift; sourceTree = "<group>"; };
		4EE639C7282C43AF00CD08B2 /* TVTextBlock.swift */ = {isa = PBXFileReference; lastKnownFileType = sourcecode.swift; path = TVTextBlock.swift; sourceTree = "<group>"; };
		4EF38795298D633F00CC1306 /* dockButton.swift */ = {isa = PBXFileReference; lastKnownFileType = sourcecode.swift; path = dockButton.swift; sourceTree = "<group>"; };
		4EF38797298D869500CC1306 /* dockTextButton.swift */ = {isa = PBXFileReference; lastKnownFileType = sourcecode.swift; path = dockTextButton.swift; sourceTree = "<group>"; };
		4EF4CBC627F1E7520034D66B /* NoteViewCell.swift */ = {isa = PBXFileReference; lastKnownFileType = sourcecode.swift; path = NoteViewCell.swift; sourceTree = "<group>"; };
		4EF4CBC727F1E7520034D66B /* NoteViewCell.xib */ = {isa = PBXFileReference; lastKnownFileType = file.xib; path = NoteViewCell.xib; sourceTree = "<group>"; };
		4EFA5FB5274077540096F021 /* NoteItem+CoreDataClass.swift */ = {isa = PBXFileReference; lastKnownFileType = sourcecode.swift; path = "NoteItem+CoreDataClass.swift"; sourceTree = "<group>"; };
		4EFA5FB6274077540096F021 /* NoteItem+CoreDataProperties.swift */ = {isa = PBXFileReference; lastKnownFileType = sourcecode.swift; path = "NoteItem+CoreDataProperties.swift"; sourceTree = "<group>"; };
		4EFA5FBA274079D80096F021 /* Extensions.swift */ = {isa = PBXFileReference; lastKnownFileType = sourcecode.swift; path = Extensions.swift; sourceTree = "<group>"; };
		4EFA5FBC27407A080096F021 /* Persistence.swift */ = {isa = PBXFileReference; lastKnownFileType = sourcecode.swift; path = Persistence.swift; sourceTree = "<group>"; };
		A9EECB4F15FDF54EF6348190 /* Pods_BlockNote_app_BlockNote_appUITests.framework */ = {isa = PBXFileReference; explicitFileType = wrapper.framework; includeInIndex = 0; path = Pods_BlockNote_app_BlockNote_appUITests.framework; sourceTree = BUILT_PRODUCTS_DIR; };
		B6BAEC32ACC57C1051FDF84E /* Pods-BlockNote app-BlockNote appUITests.release.xcconfig */ = {isa = PBXFileReference; includeInIndex = 1; lastKnownFileType = text.xcconfig; name = "Pods-BlockNote app-BlockNote appUITests.release.xcconfig"; path = "Target Support Files/Pods-BlockNote app-BlockNote appUITests/Pods-BlockNote app-BlockNote appUITests.release.xcconfig"; sourceTree = "<group>"; };
		C9FE5105619F2122C1A13D5E /* Pods_BlockNote_appTests.framework */ = {isa = PBXFileReference; explicitFileType = wrapper.framework; includeInIndex = 0; path = Pods_BlockNote_appTests.framework; sourceTree = BUILT_PRODUCTS_DIR; };
		CE3ADCF72A73A504008F922B /* TimeAgendaView.swift */ = {isa = PBXFileReference; lastKnownFileType = sourcecode.swift; path = TimeAgendaView.swift; sourceTree = "<group>"; };
		CE3ADCFA2A73AAB0008F922B /* DataController.swift */ = {isa = PBXFileReference; lastKnownFileType = sourcecode.swift; path = DataController.swift; sourceTree = "<group>"; };
		CE41AE022AA84884004AE375 /* TVProgressBlock.swift */ = {isa = PBXFileReference; lastKnownFileType = sourcecode.swift; path = TVProgressBlock.swift; sourceTree = "<group>"; };
		CE41AE042AA849CC004AE375 /* ProgressView.swift */ = {isa = PBXFileReference; lastKnownFileType = sourcecode.swift; path = ProgressView.swift; sourceTree = "<group>"; };
		CE76BC142AA84C1800725ED0 /* CircularView.swift */ = {isa = PBXFileReference; lastKnownFileType = sourcecode.swift; path = CircularView.swift; sourceTree = "<group>"; };
		CE79522D2A8369950003EDD8 /* UIHelper.swift */ = {isa = PBXFileReference; fileEncoding = 4; lastKnownFileType = sourcecode.swift; path = UIHelper.swift; sourceTree = "<group>"; };
		CEFCDE552A72CBCE00F562AF /* TimeAgendaVM.swift */ = {isa = PBXFileReference; lastKnownFileType = sourcecode.swift; path = TimeAgendaVM.swift; sourceTree = "<group>"; };
		D2BC720FA4BCA3CF9991D1A7 /* Pods-BlockNote app.debug.xcconfig */ = {isa = PBXFileReference; includeInIndex = 1; lastKnownFileType = text.xcconfig; name = "Pods-BlockNote app.debug.xcconfig"; path = "Target Support Files/Pods-BlockNote app/Pods-BlockNote app.debug.xcconfig"; sourceTree = "<group>"; };
		E52DC0202ABF327200C344F1 /* StatisticsView.swift */ = {isa = PBXFileReference; lastKnownFileType = sourcecode.swift; path = StatisticsView.swift; sourceTree = "<group>"; };
		E5352BFB2AB65EC9000C9474 /* ViewModifiers.swift */ = {isa = PBXFileReference; lastKnownFileType = sourcecode.swift; path = ViewModifiers.swift; sourceTree = "<group>"; };
		E553D6C32AB0E13300937685 /* AgendaVC.swift */ = {isa = PBXFileReference; lastKnownFileType = sourcecode.swift; path = AgendaVC.swift; sourceTree = "<group>"; };
		E553D6C52AB0E14300937685 /* AgendaVCPresenter.swift */ = {isa = PBXFileReference; lastKnownFileType = sourcecode.swift; path = AgendaVCPresenter.swift; sourceTree = "<group>"; };
		E5A30C942AAE1E5E004BA5EE /* C2GroupViewBuilder.swift */ = {isa = PBXFileReference; lastKnownFileType = sourcecode.swift; path = C2GroupViewBuilder.swift; sourceTree = "<group>"; };
		E5F8A5822AC206D1006D972B /* BlankView.swift */ = {isa = PBXFileReference; lastKnownFileType = sourcecode.swift; path = BlankView.swift; sourceTree = "<group>"; };
		F5363CA021A08D1DE1D2EE0C /* Pods-BlockNote app.release.xcconfig */ = {isa = PBXFileReference; includeInIndex = 1; lastKnownFileType = text.xcconfig; name = "Pods-BlockNote app.release.xcconfig"; path = "Target Support Files/Pods-BlockNote app/Pods-BlockNote app.release.xcconfig"; sourceTree = "<group>"; };
/* End PBXFileReference section */

/* Begin PBXFrameworksBuildPhase section */
		4E1803A1274058EA0096A87C /* Frameworks */ = {
			isa = PBXFrameworksBuildPhase;
			buildActionMask = 2147483647;
			files = (
				E52DC01D2ABF2B0200C344F1 /* Markdown in Frameworks */,
				4E44C7AB278CD52C0054E5E2 /* CodeEditor in Frameworks */,
				6579EBDF275421AF7431A790 /* Pods_BlockNote_app.framework in Frameworks */,
			);
			runOnlyForDeploymentPostprocessing = 0;
		};
		4E1803BA274058F00096A87C /* Frameworks */ = {
			isa = PBXFrameworksBuildPhase;
			buildActionMask = 2147483647;
			files = (
				1BEF933CE572A9F9E47F2285 /* Pods_BlockNote_appTests.framework in Frameworks */,
			);
			runOnlyForDeploymentPostprocessing = 0;
		};
		4E1803C4274058F00096A87C /* Frameworks */ = {
			isa = PBXFrameworksBuildPhase;
			buildActionMask = 2147483647;
			files = (
				8060F336A684D6361B5B5B4A /* Pods_BlockNote_app_BlockNote_appUITests.framework in Frameworks */,
			);
			runOnlyForDeploymentPostprocessing = 0;
		};
/* End PBXFrameworksBuildPhase section */

/* Begin PBXGroup section */
		4E076B242944C914000F7E8F /* Data */ = {
			isa = PBXGroup;
			children = (
				4EFA5FBC27407A080096F021 /* Persistence.swift */,
				4E53FD6E29E169B300C0FFC3 /* PersistenceBlockController.swift */,
			);
			path = Data;
			sourceTree = "<group>";
		};
		4E18039B274058EA0096A87C = {
			isa = PBXGroup;
			children = (
				4E1803A6274058EA0096A87C /* BlockNote app */,
				4E1803C0274058F00096A87C /* BlockNote appTests */,
				4E1803CA274058F00096A87C /* BlockNote appUITests */,
				4E1803A5274058EA0096A87C /* Products */,
				5C266FDAFCECF236669BA562 /* Pods */,
				6DE98D49EE79D0923447DE5D /* Frameworks */,
			);
			sourceTree = "<group>";
		};
		4E1803A5274058EA0096A87C /* Products */ = {
			isa = PBXGroup;
			children = (
				4E1803A4274058EA0096A87C /* BlockNote app.app */,
				4E1803BD274058F00096A87C /* BlockNote appTests.xctest */,
				4E1803C7274058F00096A87C /* BlockNote appUITests.xctest */,
			);
			name = Products;
			sourceTree = "<group>";
		};
		4E1803A6274058EA0096A87C /* BlockNote app */ = {
			isa = PBXGroup;
			children = (
				CE3ADCF92A73AA6F008F922B /* SwiftUI */,
				4E8209A52A4D941B006E8CC1 /* MVP Controllers */,
				E5A30C962AAE4689004BA5EE /* Agenda */,
				4E8F7EDD298A54080085027A /* Utilites */,
				4E8F7EE2298A76B60085027A /* Extensions */,
				4ED53DF0278F1A8E00F79A3F /* Views */,
				4E1803B8274058F00096A87C /* Info.plist */,
				4E076B242944C914000F7E8F /* Data */,
				4E1803DE27405CA00096A87C /* CoreData */,
				4E8F7EDC298A53B50085027A /* Support */,
			);
			path = "BlockNote app";
			sourceTree = "<group>";
		};
		4E1803C0274058F00096A87C /* BlockNote appTests */ = {
			isa = PBXGroup;
			children = (
				4E1803C1274058F00096A87C /* BlockNoteAppTests.swift */,
			);
			path = "BlockNote appTests";
			sourceTree = "<group>";
		};
		4E1803CA274058F00096A87C /* BlockNote appUITests */ = {
			isa = PBXGroup;
			children = (
				4E1803CB274058F00096A87C /* BlockNote_appUITests.swift */,
				4E1803CD274058F00096A87C /* BlockNote_appUITestsLaunchTests.swift */,
			);
			path = "BlockNote appUITests";
			sourceTree = "<group>";
		};
		4E1803DE27405CA00096A87C /* CoreData */ = {
			isa = PBXGroup;
			children = (
				CE3ADCFA2A73AAB0008F922B /* DataController.swift */,
				4E639F50274C126F000E249A /* GroupType */,
				4E55323727663FCA0013E097 /* Note */,
				4E55323E276642A30013E097 /* NoteItem */,
				4EAB130E29CC90C400416718 /* Photo */,
				4ECC8C4329BDC37B00E7F64B /* Agenda */,
				4E1803B0274058EA0096A87C /* BlockNote_app.xcdatamodeld */,
			);
			path = CoreData;
			sourceTree = "<group>";
		};
		4E1A41A62A598022007BFC4A /* C2DetailVC */ = {
			isa = PBXGroup;
			children = (
				4E1A41A72A59803A007BFC4A /* C2DetailVC.swift */,
				4E1A41A92A598052007BFC4A /* C2DetailPresenter.swift */,
			);
			path = C2DetailVC;
			sourceTree = "<group>";
		};
		4E370B892972A29700C5AF0B /* SnowScene */ = {
			isa = PBXGroup;
			children = (
				4E0EBDBC2971AE5C002530FF /* SnowBackground.sks */,
				4E0EBDBB2971AE5C002530FF /* SnowScene.swift */,
				4E0EBDB92971AE39002530FF /* Assets.xcassets */,
			);
			path = SnowScene;
			sourceTree = "<group>";
		};
		4E370B8A2972A2A500C5AF0B /* DynamicHeight */ = {
			isa = PBXGroup;
			children = (
				4E53EAFA2794288800D89CB7 /* DynamicHeightCollectionView.swift */,
				4E0FC393281FE38200334783 /* DynamicHeightLayout.swift */,
				4ED982F3283EB9110063C1F1 /* StringHeight.swift */,
				4E085737299A7CF1006A6ABB /* DynamicHeightForTableView.swift */,
			);
			path = DynamicHeight;
			sourceTree = "<group>";
		};
		4E55323727663FCA0013E097 /* Note */ = {
			isa = PBXGroup;
			children = (
				4E55323A2766412F0013E097 /* Note+CoreDataClass.swift */,
				4E55323B2766412F0013E097 /* Note+CoreDataProperties.swift */,
			);
			path = Note;
			sourceTree = "<group>";
		};
		4E55323E276642A30013E097 /* NoteItem */ = {
			isa = PBXGroup;
			children = (
				4EFA5FB5274077540096F021 /* NoteItem+CoreDataClass.swift */,
				4EFA5FB6274077540096F021 /* NoteItem+CoreDataProperties.swift */,
			);
			path = NoteItem;
			sourceTree = "<group>";
		};
		4E58B39A2972C86700710CE7 /* Space */ = {
			isa = PBXGroup;
			children = (
				4E58B39B2972C89E00710CE7 /* TVSpaceBlock.swift */,
			);
			path = Space;
			sourceTree = "<group>";
		};
		4E639F50274C126F000E249A /* GroupType */ = {
			isa = PBXGroup;
			children = (
				4E639F4C274C118E000E249A /* GroupType+CoreDataClass.swift */,
				4E639F4D274C118E000E249A /* GroupType+CoreDataProperties.swift */,
			);
			path = GroupType;
			sourceTree = "<group>";
		};
		4E8209A52A4D941B006E8CC1 /* MVP Controllers */ = {
			isa = PBXGroup;
			children = (
				4E8209A82A4D9466006E8CC1 /* C2NavView */,
				4E1A41A62A598022007BFC4A /* C2DetailVC */,
				4E8A43162A62C299004999CF /* C3NoteDetail */,
			);
			path = "MVP Controllers";
			sourceTree = "<group>";
		};
		4E8209A82A4D9466006E8CC1 /* C2NavView */ = {
			isa = PBXGroup;
			children = (
				4E8209A62A4D9436006E8CC1 /* C2NavViewController.swift */,
				4E8209A92A4D9476006E8CC1 /* C2NavViewPresenter.swift */,
			);
			path = C2NavView;
			sourceTree = "<group>";
		};
		4E8A43162A62C299004999CF /* C3NoteDetail */ = {
			isa = PBXGroup;
			children = (
				4E8A43172A62C2BE004999CF /* C3NoteDetailVC.swift */,
				4E8A43192A62C2CB004999CF /* C3NoteDetailPresenter.swift */,
			);
			path = C3NoteDetail;
			sourceTree = "<group>";
		};
		4E8F7EDC298A53B50085027A /* Support */ = {
			isa = PBXGroup;
			children = (
				4E1803AD274058EA0096A87C /* Main.storyboard */,
				4E1803A7274058EA0096A87C /* AppDelegate.swift */,
				4E1803A9274058EA0096A87C /* SceneDelegate.swift */,
				4E1803B3274058F00096A87C /* Assets.xcassets */,
				4E1803B5274058F00096A87C /* LaunchScreen.storyboard */,
				4EA3A4682A599FDA002201CD /* Builder.swift */,
			);
			path = Support;
			sourceTree = "<group>";
		};
		4E8F7EDD298A54080085027A /* Utilites */ = {
			isa = PBXGroup;
			children = (
				CE79522D2A8369950003EDD8 /* UIHelper.swift */,
				4E8F7EDE298A54130085027A /* Constants.swift */,
				4E55324327666AF10013E097 /* ViewModifications.swift */,
				4EB9E53829C632AE00D41AC1 /* Sorting.swift */,
			);
			path = Utilites;
			sourceTree = "<group>";
		};
		4E8F7EE2298A76B60085027A /* Extensions */ = {
			isa = PBXGroup;
			children = (
				4EFA5FBA274079D80096F021 /* Extensions.swift */,
				4EB9E53629C5FD1800D41AC1 /* GroupUICollectionViewCellAnimated.swift */,
				4ED5C4602A92B5400009DC5E /* CustomPopoverView.swift */,
			);
			path = Extensions;
			sourceTree = "<group>";
		};
		4EAB130E29CC90C400416718 /* Photo */ = {
			isa = PBXGroup;
			children = (
				4EAB131029CC91AE00416718 /* Photo+CoreDataClass.swift */,
				4EAB130F29CC91AE00416718 /* Photo+CoreDataProperties.swift */,
			);
			path = Photo;
			sourceTree = "<group>";
		};
		4EAC48C228089E310094181B /* Blocks */ = {
			isa = PBXGroup;
			children = (
				4EE639CF282C6DA600CD08B2 /* tableView */,
			);
			path = Blocks;
			sourceTree = "<group>";
		};
		4EB3A2B92A87F3AA00B3B743 /* С2GroupView */ = {
			isa = PBXGroup;
			children = (
				4EB3A2BA2A87F42C00B3B743 /* C2GroupView.swift */,
				E5A30C942AAE1E5E004BA5EE /* C2GroupViewBuilder.swift */,
				4EB3A2BD2A87F54D00B3B743 /* С2GroupVM.swift */,
				4EDC0FED2A893B5A001A70D1 /* EmojiPicker.swift */,
			);
			path = "С2GroupView";
			sourceTree = "<group>";
		};
		4EB3A2BC2A87F44000B3B743 /* TimeAgenda */ = {
			isa = PBXGroup;
			children = (
				CE3ADCF72A73A504008F922B /* TimeAgendaView.swift */,
				CEFCDE552A72CBCE00F562AF /* TimeAgendaVM.swift */,
				4E48DFD8294EC4D400E29ABD /* AgendaView.swift */,
			);
			path = TimeAgenda;
			sourceTree = "<group>";
		};
		4EBAB24B2873980300A2AC05 /* Blocks */ = {
			isa = PBXGroup;
			children = (
				CE41AE012AA84841004AE375 /* Progress */,
				4EBAB2512873983800A2AC05 /* Title */,
				4EBAB24C2873980F00A2AC05 /* Text */,
				4EBAB2522873985200A2AC05 /* Photo */,
				4E58B39A2972C86700710CE7 /* Space */,
				4EBAB25B287398CF00A2AC05 /* Code */,
				4EBAB2602873990A00A2AC05 /* ToDo */,
				4EBAB2612873991E00A2AC05 /* List */,
			);
			path = Blocks;
			sourceTree = "<group>";
		};
		4EBAB24C2873980F00A2AC05 /* Text */ = {
			isa = PBXGroup;
			children = (
				4EE639C7282C43AF00CD08B2 /* TVTextBlock.swift */,
			);
			path = Text;
			sourceTree = "<group>";
		};
		4EBAB2512873983800A2AC05 /* Title */ = {
			isa = PBXGroup;
			children = (
				4EBAB24D2873983400A2AC05 /* TVTitleBlock.swift */,
			);
			path = Title;
			sourceTree = "<group>";
		};
		4EBAB2522873985200A2AC05 /* Photo */ = {
			isa = PBXGroup;
			children = (
				4EBAB2532873987600A2AC05 /* TVPhotoBlock.swift */,
				4EAB12FE29CC372800416718 /* NewPhotoBlock.swift */,
				4EAB130229CC3F9F00416718 /* ImageCollectionViewCell.swift */,
				4EAB130329CC3F9F00416718 /* ImageCollectionViewCell.xib */,
			);
			path = Photo;
			sourceTree = "<group>";
		};
		4EBAB25B287398CF00A2AC05 /* Code */ = {
			isa = PBXGroup;
			children = (
				4EBAB257287398C500A2AC05 /* TVCodeBlock.swift */,
			);
			path = Code;
			sourceTree = "<group>";
		};
		4EBAB2602873990A00A2AC05 /* ToDo */ = {
			isa = PBXGroup;
			children = (
				4EBAB25C2873990200A2AC05 /* TVToDoBlock.swift */,
			);
			path = ToDo;
			sourceTree = "<group>";
		};
		4EBAB2612873991E00A2AC05 /* List */ = {
			isa = PBXGroup;
			children = (
				4EBAB2622873997900A2AC05 /* TVListBlock.swift */,
			);
			path = List;
			sourceTree = "<group>";
		};
		4ECC8C4329BDC37B00E7F64B /* Agenda */ = {
			isa = PBXGroup;
			children = (
				4ECC8C4529BDC3A400E7F64B /* Agenda+CoreDataClass.swift */,
				4ECC8C4429BDC3A400E7F64B /* Agenda+CoreDataProperties.swift */,
			);
			path = Agenda;
			sourceTree = "<group>";
		};
		4ED53DF0278F1A8E00F79A3F /* Views */ = {
			isa = PBXGroup;
			children = (
				E52DC01F2ABF326500C344F1 /* New elements */,
				4EF38792298D617D00CC1306 /* Dock */,
				4E370B892972A29700C5AF0B /* SnowScene */,
				4E370B8A2972A2A500C5AF0B /* DynamicHeight */,
				4EAC48C228089E310094181B /* Blocks */,
				4EF4CBCA27F1E76F0034D66B /* ViewCells */,
			);
			path = Views;
			sourceTree = "<group>";
		};
		4EE639CF282C6DA600CD08B2 /* tableView */ = {
			isa = PBXGroup;
			children = (
				4EBAB24B2873980300A2AC05 /* Blocks */,
			);
			path = tableView;
			sourceTree = "<group>";
		};
		4EF38792298D617D00CC1306 /* Dock */ = {
			isa = PBXGroup;
			children = (
				4EF38795298D633F00CC1306 /* dockButton.swift */,
				4EF38797298D869500CC1306 /* dockTextButton.swift */,
			);
			path = Dock;
			sourceTree = "<group>";
		};
		4EF4CBCA27F1E76F0034D66B /* ViewCells */ = {
			isa = PBXGroup;
			children = (
				4EF4CBC627F1E7520034D66B /* NoteViewCell.swift */,
				4EF4CBC727F1E7520034D66B /* NoteViewCell.xib */,
				4E239C9627A46FE1000A51A6 /* groupViewCell.swift */,
			);
			path = ViewCells;
			sourceTree = "<group>";
		};
		5C266FDAFCECF236669BA562 /* Pods */ = {
			isa = PBXGroup;
			children = (
				D2BC720FA4BCA3CF9991D1A7 /* Pods-BlockNote app.debug.xcconfig */,
				F5363CA021A08D1DE1D2EE0C /* Pods-BlockNote app.release.xcconfig */,
				294F13A704046044F78BDA64 /* Pods-BlockNote app-BlockNote appUITests.debug.xcconfig */,
				B6BAEC32ACC57C1051FDF84E /* Pods-BlockNote app-BlockNote appUITests.release.xcconfig */,
				301435EC7D9809E0EA4FCE68 /* Pods-BlockNote appTests.debug.xcconfig */,
				17F35A151EF1024AE814C0CC /* Pods-BlockNote appTests.release.xcconfig */,
			);
			path = Pods;
			sourceTree = "<group>";
		};
		6DE98D49EE79D0923447DE5D /* Frameworks */ = {
			isa = PBXGroup;
			children = (
				1AC88396065F4498B4887CE5 /* Pods_BlockNote_app.framework */,
				A9EECB4F15FDF54EF6348190 /* Pods_BlockNote_app_BlockNote_appUITests.framework */,
				C9FE5105619F2122C1A13D5E /* Pods_BlockNote_appTests.framework */,
			);
			name = Frameworks;
			sourceTree = "<group>";
		};
		CE3ADCF92A73AA6F008F922B /* SwiftUI */ = {
			isa = PBXGroup;
			children = (
				E5352BFA2AB65EB8000C9474 /* ViewElements */,
				4EB3A2B92A87F3AA00B3B743 /* С2GroupView */,
				4EB3A2BC2A87F44000B3B743 /* TimeAgenda */,
			);
			path = SwiftUI;
			sourceTree = "<group>";
		};
		CE41AE012AA84841004AE375 /* Progress */ = {
			isa = PBXGroup;
			children = (
				CE41AE022AA84884004AE375 /* TVProgressBlock.swift */,
				CE41AE042AA849CC004AE375 /* ProgressView.swift */,
				CE76BC142AA84C1800725ED0 /* CircularView.swift */,
			);
			path = Progress;
			sourceTree = "<group>";
		};
		E52DC01F2ABF326500C344F1 /* New elements */ = {
			isa = PBXGroup;
			children = (
				E52DC0202ABF327200C344F1 /* StatisticsView.swift */,
				E5F8A5822AC206D1006D972B /* BlankView.swift */,
			);
			path = "New elements";
			sourceTree = "<group>";
		};
		E5352BFA2AB65EB8000C9474 /* ViewElements */ = {
			isa = PBXGroup;
			children = (
				E5352BFB2AB65EC9000C9474 /* ViewModifiers.swift */,
			);
			path = ViewElements;
			sourceTree = "<group>";
		};
		E5A30C962AAE4689004BA5EE /* Agenda */ = {
			isa = PBXGroup;
			children = (
				E553D6C32AB0E13300937685 /* AgendaVC.swift */,
				E553D6C52AB0E14300937685 /* AgendaVCPresenter.swift */,
			);
			path = Agenda;
			sourceTree = "<group>";
		};
/* End PBXGroup section */

/* Begin PBXNativeTarget section */
		4E1803A3274058EA0096A87C /* BlockNote app */ = {
			isa = PBXNativeTarget;
			buildConfigurationList = 4E1803D1274058F00096A87C /* Build configuration list for PBXNativeTarget "BlockNote app" */;
			buildPhases = (
				14650B34698CA4A6938EF95C /* [CP] Check Pods Manifest.lock */,
				E53920982AB8AF92006641F7 /* ShellScript */,
				4E1803A0274058EA0096A87C /* Sources */,
				4E1803A1274058EA0096A87C /* Frameworks */,
				4E1803A2274058EA0096A87C /* Resources */,
				08EB21DF2050F7BAC60073E1 /* [CP] Embed Pods Frameworks */,
			);
			buildRules = (
			);
			dependencies = (
			);
			name = "BlockNote app";
			packageProductDependencies = (
				4E44C7AA278CD52C0054E5E2 /* CodeEditor */,
				E52DC01C2ABF2B0200C344F1 /* Markdown */,
			);
			productName = "BlockNote app";
			productReference = 4E1803A4274058EA0096A87C /* BlockNote app.app */;
			productType = "com.apple.product-type.application";
		};
		4E1803BC274058F00096A87C /* BlockNote appTests */ = {
			isa = PBXNativeTarget;
			buildConfigurationList = 4E1803D4274058F00096A87C /* Build configuration list for PBXNativeTarget "BlockNote appTests" */;
			buildPhases = (
				2B2FBA76FF5B15A9EE55C873 /* [CP] Check Pods Manifest.lock */,
				4E1803B9274058F00096A87C /* Sources */,
				4E1803BA274058F00096A87C /* Frameworks */,
				4E1803BB274058F00096A87C /* Resources */,
			);
			buildRules = (
			);
			dependencies = (
				4E1803BF274058F00096A87C /* PBXTargetDependency */,
			);
			name = "BlockNote appTests";
			productName = "BlockNote appTests";
			productReference = 4E1803BD274058F00096A87C /* BlockNote appTests.xctest */;
			productType = "com.apple.product-type.bundle.unit-test";
		};
		4E1803C6274058F00096A87C /* BlockNote appUITests */ = {
			isa = PBXNativeTarget;
			buildConfigurationList = 4E1803D7274058F00096A87C /* Build configuration list for PBXNativeTarget "BlockNote appUITests" */;
			buildPhases = (
				6C6AE566901D322D22B6F69C /* [CP] Check Pods Manifest.lock */,
				4E1803C3274058F00096A87C /* Sources */,
				4E1803C4274058F00096A87C /* Frameworks */,
				4E1803C5274058F00096A87C /* Resources */,
				CF4682E83CA3327E1D7FAC0E /* [CP] Embed Pods Frameworks */,
			);
			buildRules = (
			);
			dependencies = (
				4E1803C9274058F00096A87C /* PBXTargetDependency */,
			);
			name = "BlockNote appUITests";
			productName = "BlockNote appUITests";
			productReference = 4E1803C7274058F00096A87C /* BlockNote appUITests.xctest */;
			productType = "com.apple.product-type.bundle.ui-testing";
		};
/* End PBXNativeTarget section */

/* Begin PBXProject section */
		4E18039C274058EA0096A87C /* Project object */ = {
			isa = PBXProject;
			attributes = {
				BuildIndependentTargetsInParallel = 1;
				LastSwiftUpdateCheck = 1310;
				LastUpgradeCheck = 1310;
				TargetAttributes = {
					4E1803A3274058EA0096A87C = {
						CreatedOnToolsVersion = 13.1;
					};
					4E1803BC274058F00096A87C = {
						CreatedOnToolsVersion = 13.1;
						TestTargetID = 4E1803A3274058EA0096A87C;
					};
					4E1803C6274058F00096A87C = {
						CreatedOnToolsVersion = 13.1;
						TestTargetID = 4E1803A3274058EA0096A87C;
					};
				};
			};
			buildConfigurationList = 4E18039F274058EA0096A87C /* Build configuration list for PBXProject "BlockNote app" */;
			compatibilityVersion = "Xcode 13.0";
			developmentRegion = en;
			hasScannedForEncodings = 0;
			knownRegions = (
				en,
				Base,
			);
			mainGroup = 4E18039B274058EA0096A87C;
			packageReferences = (
				4E44C7A9278CD52C0054E5E2 /* XCRemoteSwiftPackageReference "CodeEditor" */,
				E52DC01B2ABF2B0200C344F1 /* XCRemoteSwiftPackageReference "swift-markdown" */,
			);
			productRefGroup = 4E1803A5274058EA0096A87C /* Products */;
			projectDirPath = "";
			projectRoot = "";
			targets = (
				4E1803A3274058EA0096A87C /* BlockNote app */,
				4E1803BC274058F00096A87C /* BlockNote appTests */,
				4E1803C6274058F00096A87C /* BlockNote appUITests */,
			);
		};
/* End PBXProject section */

/* Begin PBXResourcesBuildPhase section */
		4E1803A2274058EA0096A87C /* Resources */ = {
			isa = PBXResourcesBuildPhase;
			buildActionMask = 2147483647;
			files = (
				4E0EBDBE2971AE5C002530FF /* SnowBackground.sks in Resources */,
				4E1803B7274058F00096A87C /* LaunchScreen.storyboard in Resources */,
				4E1803B4274058F00096A87C /* Assets.xcassets in Resources */,
				4EAB130529CC3F9F00416718 /* ImageCollectionViewCell.xib in Resources */,
				4EF4CBC927F1E7520034D66B /* NoteViewCell.xib in Resources */,
				4E0EBDBA2971AE39002530FF /* Assets.xcassets in Resources */,
				4E1803AF274058EA0096A87C /* Main.storyboard in Resources */,
			);
			runOnlyForDeploymentPostprocessing = 0;
		};
		4E1803BB274058F00096A87C /* Resources */ = {
			isa = PBXResourcesBuildPhase;
			buildActionMask = 2147483647;
			files = (
			);
			runOnlyForDeploymentPostprocessing = 0;
		};
		4E1803C5274058F00096A87C /* Resources */ = {
			isa = PBXResourcesBuildPhase;
			buildActionMask = 2147483647;
			files = (
			);
			runOnlyForDeploymentPostprocessing = 0;
		};
/* End PBXResourcesBuildPhase section */

/* Begin PBXShellScriptBuildPhase section */
		08EB21DF2050F7BAC60073E1 /* [CP] Embed Pods Frameworks */ = {
			isa = PBXShellScriptBuildPhase;
			buildActionMask = 2147483647;
			files = (
			);
			inputFileListPaths = (
				"${PODS_ROOT}/Target Support Files/Pods-BlockNote app/Pods-BlockNote app-frameworks-${CONFIGURATION}-input-files.xcfilelist",
			);
			name = "[CP] Embed Pods Frameworks";
			outputFileListPaths = (
				"${PODS_ROOT}/Target Support Files/Pods-BlockNote app/Pods-BlockNote app-frameworks-${CONFIGURATION}-output-files.xcfilelist",
			);
			runOnlyForDeploymentPostprocessing = 0;
			shellPath = /bin/sh;
			shellScript = "\"${PODS_ROOT}/Target Support Files/Pods-BlockNote app/Pods-BlockNote app-frameworks.sh\"\n";
			showEnvVarsInLog = 0;
		};
		14650B34698CA4A6938EF95C /* [CP] Check Pods Manifest.lock */ = {
			isa = PBXShellScriptBuildPhase;
			buildActionMask = 2147483647;
			files = (
			);
			inputFileListPaths = (
			);
			inputPaths = (
				"${PODS_PODFILE_DIR_PATH}/Podfile.lock",
				"${PODS_ROOT}/Manifest.lock",
			);
			name = "[CP] Check Pods Manifest.lock";
			outputFileListPaths = (
			);
			outputPaths = (
				"$(DERIVED_FILE_DIR)/Pods-BlockNote app-checkManifestLockResult.txt",
			);
			runOnlyForDeploymentPostprocessing = 0;
			shellPath = /bin/sh;
			shellScript = "diff \"${PODS_PODFILE_DIR_PATH}/Podfile.lock\" \"${PODS_ROOT}/Manifest.lock\" > /dev/null\nif [ $? != 0 ] ; then\n    # print error to STDERR\n    echo \"error: The sandbox is not in sync with the Podfile.lock. Run 'pod install' or update your CocoaPods installation.\" >&2\n    exit 1\nfi\n# This output is used by Xcode 'outputs' to avoid re-running this script phase.\necho \"SUCCESS\" > \"${SCRIPT_OUTPUT_FILE_0}\"\n";
			showEnvVarsInLog = 0;
		};
		2B2FBA76FF5B15A9EE55C873 /* [CP] Check Pods Manifest.lock */ = {
			isa = PBXShellScriptBuildPhase;
			buildActionMask = 2147483647;
			files = (
			);
			inputFileListPaths = (
			);
			inputPaths = (
				"${PODS_PODFILE_DIR_PATH}/Podfile.lock",
				"${PODS_ROOT}/Manifest.lock",
			);
			name = "[CP] Check Pods Manifest.lock";
			outputFileListPaths = (
			);
			outputPaths = (
				"$(DERIVED_FILE_DIR)/Pods-BlockNote appTests-checkManifestLockResult.txt",
			);
			runOnlyForDeploymentPostprocessing = 0;
			shellPath = /bin/sh;
			shellScript = "diff \"${PODS_PODFILE_DIR_PATH}/Podfile.lock\" \"${PODS_ROOT}/Manifest.lock\" > /dev/null\nif [ $? != 0 ] ; then\n    # print error to STDERR\n    echo \"error: The sandbox is not in sync with the Podfile.lock. Run 'pod install' or update your CocoaPods installation.\" >&2\n    exit 1\nfi\n# This output is used by Xcode 'outputs' to avoid re-running this script phase.\necho \"SUCCESS\" > \"${SCRIPT_OUTPUT_FILE_0}\"\n";
			showEnvVarsInLog = 0;
		};
		6C6AE566901D322D22B6F69C /* [CP] Check Pods Manifest.lock */ = {
			isa = PBXShellScriptBuildPhase;
			buildActionMask = 2147483647;
			files = (
			);
			inputFileListPaths = (
			);
			inputPaths = (
				"${PODS_PODFILE_DIR_PATH}/Podfile.lock",
				"${PODS_ROOT}/Manifest.lock",
			);
			name = "[CP] Check Pods Manifest.lock";
			outputFileListPaths = (
			);
			outputPaths = (
				"$(DERIVED_FILE_DIR)/Pods-BlockNote app-BlockNote appUITests-checkManifestLockResult.txt",
			);
			runOnlyForDeploymentPostprocessing = 0;
			shellPath = /bin/sh;
			shellScript = "diff \"${PODS_PODFILE_DIR_PATH}/Podfile.lock\" \"${PODS_ROOT}/Manifest.lock\" > /dev/null\nif [ $? != 0 ] ; then\n    # print error to STDERR\n    echo \"error: The sandbox is not in sync with the Podfile.lock. Run 'pod install' or update your CocoaPods installation.\" >&2\n    exit 1\nfi\n# This output is used by Xcode 'outputs' to avoid re-running this script phase.\necho \"SUCCESS\" > \"${SCRIPT_OUTPUT_FILE_0}\"\n";
			showEnvVarsInLog = 0;
		};
		CF4682E83CA3327E1D7FAC0E /* [CP] Embed Pods Frameworks */ = {
			isa = PBXShellScriptBuildPhase;
			buildActionMask = 2147483647;
			files = (
			);
			inputFileListPaths = (
				"${PODS_ROOT}/Target Support Files/Pods-BlockNote app-BlockNote appUITests/Pods-BlockNote app-BlockNote appUITests-frameworks-${CONFIGURATION}-input-files.xcfilelist",
			);
			name = "[CP] Embed Pods Frameworks";
			outputFileListPaths = (
				"${PODS_ROOT}/Target Support Files/Pods-BlockNote app-BlockNote appUITests/Pods-BlockNote app-BlockNote appUITests-frameworks-${CONFIGURATION}-output-files.xcfilelist",
			);
			runOnlyForDeploymentPostprocessing = 0;
			shellPath = /bin/sh;
			shellScript = "\"${PODS_ROOT}/Target Support Files/Pods-BlockNote app-BlockNote appUITests/Pods-BlockNote app-BlockNote appUITests-frameworks.sh\"\n";
			showEnvVarsInLog = 0;
		};
		E53920982AB8AF92006641F7 /* ShellScript */ = {
			isa = PBXShellScriptBuildPhase;
			buildActionMask = 2147483647;
			files = (
			);
			inputFileListPaths = (
			);
			inputPaths = (
			);
			outputFileListPaths = (
			);
			outputPaths = (
			);
			runOnlyForDeploymentPostprocessing = 0;
			shellPath = /bin/sh;
			shellScript = "if [[ \"$(uname -m)\" == arm64 ]]; then\n    export PATH=\"/opt/homebrew/bin:$PATH\"\nfi\n\nif which swiftlint > /dev/null; then\n  swiftlint --fix\n  swiftlint\nelse\n  echo \"warning: SwiftLint not installed, download from https://github.com/realm/SwiftLint\"\nfi\n";
		};
/* End PBXShellScriptBuildPhase section */

/* Begin PBXSourcesBuildPhase section */
		4E1803A0274058EA0096A87C /* Sources */ = {
			isa = PBXSourcesBuildPhase;
			buildActionMask = 2147483647;
			files = (
				4ED982F4283EB9110063C1F1 /* StringHeight.swift in Sources */,
				4EB9E53729C5FD1800D41AC1 /* GroupUICollectionViewCellAnimated.swift in Sources */,
				4E1A41AA2A598052007BFC4A /* C2DetailPresenter.swift in Sources */,
				4EAB12FF29CC372800416718 /* NewPhotoBlock.swift in Sources */,
				4E0FC394281FE38200334783 /* DynamicHeightLayout.swift in Sources */,
				4E639F4E274C118E000E249A /* GroupType+CoreDataClass.swift in Sources */,
				4EE639C9282C43AF00CD08B2 /* TVTextBlock.swift in Sources */,
				E52DC0212ABF327200C344F1 /* StatisticsView.swift in Sources */,
				E553D6C62AB0E14300937685 /* AgendaVCPresenter.swift in Sources */,
				4EAB131229CC91AE00416718 /* Photo+CoreDataClass.swift in Sources */,
				4E085738299A7CF1006A6ABB /* DynamicHeightForTableView.swift in Sources */,
				4EA3A4692A599FDA002201CD /* Builder.swift in Sources */,
				4EBAB259287398C500A2AC05 /* TVCodeBlock.swift in Sources */,
				E5F8A5832AC206D1006D972B /* BlankView.swift in Sources */,
				4E55323C2766412F0013E097 /* Note+CoreDataClass.swift in Sources */,
				4ECC8C4729BDC3A400E7F64B /* Agenda+CoreDataClass.swift in Sources */,
				4E639F4F274C118E000E249A /* GroupType+CoreDataProperties.swift in Sources */,
				4E8209A72A4D9436006E8CC1 /* C2NavViewController.swift in Sources */,
				4E1803A8274058EA0096A87C /* AppDelegate.swift in Sources */,
				4EF38798298D869500CC1306 /* dockTextButton.swift in Sources */,
				4ECC8C4629BDC3A400E7F64B /* Agenda+CoreDataProperties.swift in Sources */,
				4E8A431A2A62C2CB004999CF /* C3NoteDetailPresenter.swift in Sources */,
				4E55324427666AF20013E097 /* ViewModifications.swift in Sources */,
				E553D6C42AB0E13300937685 /* AgendaVC.swift in Sources */,
				4EBAB25E2873990200A2AC05 /* TVToDoBlock.swift in Sources */,
				4EB9E53929C632AE00D41AC1 /* Sorting.swift in Sources */,
				4EDC0FEE2A893B5A001A70D1 /* EmojiPicker.swift in Sources */,
				4E8209AA2A4D9476006E8CC1 /* C2NavViewPresenter.swift in Sources */,
				4E55323D2766412F0013E097 /* Note+CoreDataProperties.swift in Sources */,
				4EFA5FB7274077540096F021 /* NoteItem+CoreDataClass.swift in Sources */,
				CE41AE032AA84884004AE375 /* TVProgressBlock.swift in Sources */,
				4E48DFD9294EC4D400E29ABD /* AgendaView.swift in Sources */,
				4E53FD6F29E169B300C0FFC3 /* PersistenceBlockController.swift in Sources */,
				4EBAB24F2873983400A2AC05 /* TVTitleBlock.swift in Sources */,
				4EFA5FB8274077540096F021 /* NoteItem+CoreDataProperties.swift in Sources */,
				CE79522E2A8369950003EDD8 /* UIHelper.swift in Sources */,
				E5A30C952AAE1E5E004BA5EE /* C2GroupViewBuilder.swift in Sources */,
				4E53EAFB2794288800D89CB7 /* DynamicHeightCollectionView.swift in Sources */,
				4EF38796298D633F00CC1306 /* dockButton.swift in Sources */,
				4E58B39C2972C89E00710CE7 /* TVSpaceBlock.swift in Sources */,
				CE41AE052AA849CC004AE375 /* ProgressView.swift in Sources */,
				4E239C9727A46FE1000A51A6 /* groupViewCell.swift in Sources */,
				4EAB131129CC91AE00416718 /* Photo+CoreDataProperties.swift in Sources */,
				4E1803AA274058EA0096A87C /* SceneDelegate.swift in Sources */,
				CE76BC152AA84C1800725ED0 /* CircularView.swift in Sources */,
				E5352BFC2AB65EC9000C9474 /* ViewModifiers.swift in Sources */,
				4EB3A2BE2A87F54D00B3B743 /* С2GroupVM.swift in Sources */,
				CE3ADCFB2A73AAB0008F922B /* DataController.swift in Sources */,
				4EAB130429CC3F9F00416718 /* ImageCollectionViewCell.swift in Sources */,
				4EFA5FBD27407A080096F021 /* Persistence.swift in Sources */,
				4EBAB2642873997900A2AC05 /* TVListBlock.swift in Sources */,
				CE3ADCF82A73A504008F922B /* TimeAgendaView.swift in Sources */,
				4E1803B2274058EA0096A87C /* BlockNote_app.xcdatamodeld in Sources */,
				4E0EBDBD2971AE5C002530FF /* SnowScene.swift in Sources */,
				4EFA5FBB274079D80096F021 /* Extensions.swift in Sources */,
				4EB3A2BB2A87F42C00B3B743 /* C2GroupView.swift in Sources */,
				4E8A43182A62C2BE004999CF /* C3NoteDetailVC.swift in Sources */,
				4ED5C4612A92B5400009DC5E /* CustomPopoverView.swift in Sources */,
				4E1A41A82A59803A007BFC4A /* C2DetailVC.swift in Sources */,
				4EBAB2552873987600A2AC05 /* TVPhotoBlock.swift in Sources */,
				4EF4CBC827F1E7520034D66B /* NoteViewCell.swift in Sources */,
				4E8F7EDF298A54130085027A /* Constants.swift in Sources */,
				CEFCDE562A72CBCE00F562AF /* TimeAgendaVM.swift in Sources */,
			);
			runOnlyForDeploymentPostprocessing = 0;
		};
		4E1803B9274058F00096A87C /* Sources */ = {
			isa = PBXSourcesBuildPhase;
			buildActionMask = 2147483647;
			files = (
				4E1803C2274058F00096A87C /* BlockNoteAppTests.swift in Sources */,
			);
			runOnlyForDeploymentPostprocessing = 0;
		};
		4E1803C3274058F00096A87C /* Sources */ = {
			isa = PBXSourcesBuildPhase;
			buildActionMask = 2147483647;
			files = (
				4E1803CE274058F00096A87C /* BlockNote_appUITestsLaunchTests.swift in Sources */,
				4E1803CC274058F00096A87C /* BlockNote_appUITests.swift in Sources */,
			);
			runOnlyForDeploymentPostprocessing = 0;
		};
/* End PBXSourcesBuildPhase section */

/* Begin PBXTargetDependency section */
		4E1803BF274058F00096A87C /* PBXTargetDependency */ = {
			isa = PBXTargetDependency;
			target = 4E1803A3274058EA0096A87C /* BlockNote app */;
			targetProxy = 4E1803BE274058F00096A87C /* PBXContainerItemProxy */;
		};
		4E1803C9274058F00096A87C /* PBXTargetDependency */ = {
			isa = PBXTargetDependency;
			target = 4E1803A3274058EA0096A87C /* BlockNote app */;
			targetProxy = 4E1803C8274058F00096A87C /* PBXContainerItemProxy */;
		};
/* End PBXTargetDependency section */

/* Begin PBXVariantGroup section */
		4E1803AD274058EA0096A87C /* Main.storyboard */ = {
			isa = PBXVariantGroup;
			children = (
				4E1803AE274058EA0096A87C /* Base */,
			);
			name = Main.storyboard;
			sourceTree = "<group>";
		};
		4E1803B5274058F00096A87C /* LaunchScreen.storyboard */ = {
			isa = PBXVariantGroup;
			children = (
				4E1803B6274058F00096A87C /* Base */,
			);
			name = LaunchScreen.storyboard;
			sourceTree = "<group>";
		};
/* End PBXVariantGroup section */

/* Begin XCBuildConfiguration section */
		4E1803CF274058F00096A87C /* Debug */ = {
			isa = XCBuildConfiguration;
			buildSettings = {
				ALWAYS_SEARCH_USER_PATHS = NO;
				CLANG_ANALYZER_NONNULL = YES;
				CLANG_ANALYZER_NUMBER_OBJECT_CONVERSION = YES_AGGRESSIVE;
				CLANG_CXX_LANGUAGE_STANDARD = "gnu++17";
				CLANG_CXX_LIBRARY = "libc++";
				CLANG_ENABLE_MODULES = YES;
				CLANG_ENABLE_OBJC_ARC = YES;
				CLANG_ENABLE_OBJC_WEAK = YES;
				CLANG_WARN_BLOCK_CAPTURE_AUTORELEASING = YES;
				CLANG_WARN_BOOL_CONVERSION = YES;
				CLANG_WARN_COMMA = YES;
				CLANG_WARN_CONSTANT_CONVERSION = YES;
				CLANG_WARN_DEPRECATED_OBJC_IMPLEMENTATIONS = YES;
				CLANG_WARN_DIRECT_OBJC_ISA_USAGE = YES_ERROR;
				CLANG_WARN_DOCUMENTATION_COMMENTS = YES;
				CLANG_WARN_EMPTY_BODY = YES;
				CLANG_WARN_ENUM_CONVERSION = YES;
				CLANG_WARN_INFINITE_RECURSION = YES;
				CLANG_WARN_INT_CONVERSION = YES;
				CLANG_WARN_NON_LITERAL_NULL_CONVERSION = YES;
				CLANG_WARN_OBJC_IMPLICIT_RETAIN_SELF = YES;
				CLANG_WARN_OBJC_LITERAL_CONVERSION = YES;
				CLANG_WARN_OBJC_ROOT_CLASS = YES_ERROR;
				CLANG_WARN_QUOTED_INCLUDE_IN_FRAMEWORK_HEADER = YES;
				CLANG_WARN_RANGE_LOOP_ANALYSIS = YES;
				CLANG_WARN_STRICT_PROTOTYPES = YES;
				CLANG_WARN_SUSPICIOUS_MOVE = YES;
				CLANG_WARN_UNGUARDED_AVAILABILITY = YES_AGGRESSIVE;
				CLANG_WARN_UNREACHABLE_CODE = YES;
				CLANG_WARN__DUPLICATE_METHOD_MATCH = YES;
				COPY_PHASE_STRIP = NO;
				DEBUG_INFORMATION_FORMAT = dwarf;
				ENABLE_STRICT_OBJC_MSGSEND = YES;
				ENABLE_TESTABILITY = YES;
				GCC_C_LANGUAGE_STANDARD = gnu11;
				GCC_DYNAMIC_NO_PIC = NO;
				GCC_NO_COMMON_BLOCKS = YES;
				GCC_OPTIMIZATION_LEVEL = 0;
				GCC_PREPROCESSOR_DEFINITIONS = (
					"DEBUG=1",
					"$(inherited)",
				);
				GCC_WARN_64_TO_32_BIT_CONVERSION = YES;
				GCC_WARN_ABOUT_RETURN_TYPE = YES_ERROR;
				GCC_WARN_UNDECLARED_SELECTOR = YES;
				GCC_WARN_UNINITIALIZED_AUTOS = YES_AGGRESSIVE;
				GCC_WARN_UNUSED_FUNCTION = YES;
				GCC_WARN_UNUSED_VARIABLE = YES;
				IPHONEOS_DEPLOYMENT_TARGET = 15.0;
				MTL_ENABLE_DEBUG_INFO = INCLUDE_SOURCE;
				MTL_FAST_MATH = YES;
				ONLY_ACTIVE_ARCH = YES;
				SDKROOT = iphoneos;
				SWIFT_ACTIVE_COMPILATION_CONDITIONS = DEBUG;
				SWIFT_OPTIMIZATION_LEVEL = "-Onone";
			};
			name = Debug;
		};
		4E1803D0274058F00096A87C /* Release */ = {
			isa = XCBuildConfiguration;
			buildSettings = {
				ALWAYS_SEARCH_USER_PATHS = NO;
				CLANG_ANALYZER_NONNULL = YES;
				CLANG_ANALYZER_NUMBER_OBJECT_CONVERSION = YES_AGGRESSIVE;
				CLANG_CXX_LANGUAGE_STANDARD = "gnu++17";
				CLANG_CXX_LIBRARY = "libc++";
				CLANG_ENABLE_MODULES = YES;
				CLANG_ENABLE_OBJC_ARC = YES;
				CLANG_ENABLE_OBJC_WEAK = YES;
				CLANG_WARN_BLOCK_CAPTURE_AUTORELEASING = YES;
				CLANG_WARN_BOOL_CONVERSION = YES;
				CLANG_WARN_COMMA = YES;
				CLANG_WARN_CONSTANT_CONVERSION = YES;
				CLANG_WARN_DEPRECATED_OBJC_IMPLEMENTATIONS = YES;
				CLANG_WARN_DIRECT_OBJC_ISA_USAGE = YES_ERROR;
				CLANG_WARN_DOCUMENTATION_COMMENTS = YES;
				CLANG_WARN_EMPTY_BODY = YES;
				CLANG_WARN_ENUM_CONVERSION = YES;
				CLANG_WARN_INFINITE_RECURSION = YES;
				CLANG_WARN_INT_CONVERSION = YES;
				CLANG_WARN_NON_LITERAL_NULL_CONVERSION = YES;
				CLANG_WARN_OBJC_IMPLICIT_RETAIN_SELF = YES;
				CLANG_WARN_OBJC_LITERAL_CONVERSION = YES;
				CLANG_WARN_OBJC_ROOT_CLASS = YES_ERROR;
				CLANG_WARN_QUOTED_INCLUDE_IN_FRAMEWORK_HEADER = YES;
				CLANG_WARN_RANGE_LOOP_ANALYSIS = YES;
				CLANG_WARN_STRICT_PROTOTYPES = YES;
				CLANG_WARN_SUSPICIOUS_MOVE = YES;
				CLANG_WARN_UNGUARDED_AVAILABILITY = YES_AGGRESSIVE;
				CLANG_WARN_UNREACHABLE_CODE = YES;
				CLANG_WARN__DUPLICATE_METHOD_MATCH = YES;
				COPY_PHASE_STRIP = NO;
				DEBUG_INFORMATION_FORMAT = "dwarf-with-dsym";
				ENABLE_NS_ASSERTIONS = NO;
				ENABLE_STRICT_OBJC_MSGSEND = YES;
				GCC_C_LANGUAGE_STANDARD = gnu11;
				GCC_NO_COMMON_BLOCKS = YES;
				GCC_WARN_64_TO_32_BIT_CONVERSION = YES;
				GCC_WARN_ABOUT_RETURN_TYPE = YES_ERROR;
				GCC_WARN_UNDECLARED_SELECTOR = YES;
				GCC_WARN_UNINITIALIZED_AUTOS = YES_AGGRESSIVE;
				GCC_WARN_UNUSED_FUNCTION = YES;
				GCC_WARN_UNUSED_VARIABLE = YES;
				IPHONEOS_DEPLOYMENT_TARGET = 15.0;
				MTL_ENABLE_DEBUG_INFO = NO;
				MTL_FAST_MATH = YES;
				SDKROOT = iphoneos;
				SWIFT_COMPILATION_MODE = wholemodule;
				SWIFT_OPTIMIZATION_LEVEL = "-O";
				VALIDATE_PRODUCT = YES;
			};
			name = Release;
		};
		4E1803D2274058F00096A87C /* Debug */ = {
			isa = XCBuildConfiguration;
			baseConfigurationReference = D2BC720FA4BCA3CF9991D1A7 /* Pods-BlockNote app.debug.xcconfig */;
			buildSettings = {
				ASSETCATALOG_COMPILER_APPICON_NAME = AppIcon;
				ASSETCATALOG_COMPILER_GLOBAL_ACCENT_COLOR_NAME = AccentColor;
				CODE_SIGN_STYLE = Automatic;
				CURRENT_PROJECT_VERSION = 1;
				DEVELOPMENT_TEAM = 5PVHGUKPAW;
				GENERATE_INFOPLIST_FILE = YES;
				INFOPLIST_FILE = "BlockNote app/Info.plist";
				INFOPLIST_KEY_CFBundleDisplayName = Blocknote;
				INFOPLIST_KEY_LSApplicationCategoryType = "public.app-category.productivity";
				INFOPLIST_KEY_UIApplicationSupportsIndirectInputEvents = YES;
				INFOPLIST_KEY_UILaunchStoryboardName = LaunchScreen;
				INFOPLIST_KEY_UIMainStoryboardFile = Main;
				INFOPLIST_KEY_UISupportedInterfaceOrientations = UIInterfaceOrientationPortrait;
				INFOPLIST_KEY_UISupportedInterfaceOrientations_iPad = "UIInterfaceOrientationLandscapeLeft UIInterfaceOrientationLandscapeRight UIInterfaceOrientationPortrait UIInterfaceOrientationPortraitUpsideDown";
				IPHONEOS_DEPLOYMENT_TARGET = 16.0;
				LD_RUNPATH_SEARCH_PATHS = (
					"$(inherited)",
					"@executable_path/Frameworks",
				);
				MARKETING_VERSION = 2.6.5.1;
				PRODUCT_BUNDLE_IDENTIFIER = com.CodingKovs.BlockNoteapp;
				PRODUCT_NAME = "$(TARGET_NAME)";
				SWIFT_EMIT_LOC_STRINGS = YES;
				SWIFT_VERSION = 5.0;
				TARGETED_DEVICE_FAMILY = "1,2";
			};
			name = Debug;
		};
		4E1803D3274058F00096A87C /* Release */ = {
			isa = XCBuildConfiguration;
			baseConfigurationReference = F5363CA021A08D1DE1D2EE0C /* Pods-BlockNote app.release.xcconfig */;
			buildSettings = {
				ASSETCATALOG_COMPILER_APPICON_NAME = AppIcon;
				ASSETCATALOG_COMPILER_GLOBAL_ACCENT_COLOR_NAME = AccentColor;
				CODE_SIGN_STYLE = Automatic;
				CURRENT_PROJECT_VERSION = 1;
				DEVELOPMENT_TEAM = 5PVHGUKPAW;
				GENERATE_INFOPLIST_FILE = YES;
				INFOPLIST_FILE = "BlockNote app/Info.plist";
				INFOPLIST_KEY_CFBundleDisplayName = Blocknote;
				INFOPLIST_KEY_LSApplicationCategoryType = "public.app-category.productivity";
				INFOPLIST_KEY_UIApplicationSupportsIndirectInputEvents = YES;
				INFOPLIST_KEY_UILaunchStoryboardName = LaunchScreen;
				INFOPLIST_KEY_UIMainStoryboardFile = Main;
				INFOPLIST_KEY_UISupportedInterfaceOrientations = UIInterfaceOrientationPortrait;
				INFOPLIST_KEY_UISupportedInterfaceOrientations_iPad = "UIInterfaceOrientationLandscapeLeft UIInterfaceOrientationLandscapeRight UIInterfaceOrientationPortrait UIInterfaceOrientationPortraitUpsideDown";
				IPHONEOS_DEPLOYMENT_TARGET = 16.0;
				LD_RUNPATH_SEARCH_PATHS = (
					"$(inherited)",
					"@executable_path/Frameworks",
				);
				MARKETING_VERSION = 2.6.5.1;
				PRODUCT_BUNDLE_IDENTIFIER = com.CodingKovs.BlockNoteapp;
				PRODUCT_NAME = "$(TARGET_NAME)";
				SWIFT_EMIT_LOC_STRINGS = YES;
				SWIFT_VERSION = 5.0;
				TARGETED_DEVICE_FAMILY = "1,2";
			};
			name = Release;
		};
		4E1803D5274058F00096A87C /* Debug */ = {
			isa = XCBuildConfiguration;
			baseConfigurationReference = 301435EC7D9809E0EA4FCE68 /* Pods-BlockNote appTests.debug.xcconfig */;
			buildSettings = {
				ALWAYS_EMBED_SWIFT_STANDARD_LIBRARIES = YES;
				BUNDLE_LOADER = "$(TEST_HOST)";
				CODE_SIGN_STYLE = Automatic;
				CURRENT_PROJECT_VERSION = 1;
				DEVELOPMENT_TEAM = 5PVHGUKPAW;
				GENERATE_INFOPLIST_FILE = YES;
				IPHONEOS_DEPLOYMENT_TARGET = 16.0;
				LD_RUNPATH_SEARCH_PATHS = (
					"$(inherited)",
					"@executable_path/Frameworks",
					"@loader_path/Frameworks",
				);
				MARKETING_VERSION = 1.0;
				PRODUCT_BUNDLE_IDENTIFIER = "com.CodingKovs.BlockNote-appTests";
				PRODUCT_NAME = "$(TARGET_NAME)";
				SWIFT_EMIT_LOC_STRINGS = NO;
				SWIFT_VERSION = 5.0;
				TARGETED_DEVICE_FAMILY = "1,2";
				TEST_HOST = "$(BUILT_PRODUCTS_DIR)/BlockNote app.app/BlockNote app";
			};
			name = Debug;
		};
		4E1803D6274058F00096A87C /* Release */ = {
			isa = XCBuildConfiguration;
			baseConfigurationReference = 17F35A151EF1024AE814C0CC /* Pods-BlockNote appTests.release.xcconfig */;
			buildSettings = {
				ALWAYS_EMBED_SWIFT_STANDARD_LIBRARIES = YES;
				BUNDLE_LOADER = "$(TEST_HOST)";
				CODE_SIGN_STYLE = Automatic;
				CURRENT_PROJECT_VERSION = 1;
				DEVELOPMENT_TEAM = 5PVHGUKPAW;
				GENERATE_INFOPLIST_FILE = YES;
				IPHONEOS_DEPLOYMENT_TARGET = 16.0;
				LD_RUNPATH_SEARCH_PATHS = (
					"$(inherited)",
					"@executable_path/Frameworks",
					"@loader_path/Frameworks",
				);
				MARKETING_VERSION = 1.0;
				PRODUCT_BUNDLE_IDENTIFIER = "com.CodingKovs.BlockNote-appTests";
				PRODUCT_NAME = "$(TARGET_NAME)";
				SWIFT_EMIT_LOC_STRINGS = NO;
				SWIFT_VERSION = 5.0;
				TARGETED_DEVICE_FAMILY = "1,2";
				TEST_HOST = "$(BUILT_PRODUCTS_DIR)/BlockNote app.app/BlockNote app";
			};
			name = Release;
		};
		4E1803D8274058F00096A87C /* Debug */ = {
			isa = XCBuildConfiguration;
			baseConfigurationReference = 294F13A704046044F78BDA64 /* Pods-BlockNote app-BlockNote appUITests.debug.xcconfig */;
			buildSettings = {
				ALWAYS_EMBED_SWIFT_STANDARD_LIBRARIES = YES;
				CODE_SIGN_STYLE = Automatic;
				CURRENT_PROJECT_VERSION = 1;
				DEVELOPMENT_TEAM = 5PVHGUKPAW;
				GENERATE_INFOPLIST_FILE = YES;
				IPHONEOS_DEPLOYMENT_TARGET = 16.0;
				LD_RUNPATH_SEARCH_PATHS = (
					"$(inherited)",
					"@executable_path/Frameworks",
					"@loader_path/Frameworks",
				);
				MARKETING_VERSION = 1.0;
				PRODUCT_BUNDLE_IDENTIFIER = "com.CodingKovs.BlockNote-appUITests";
				PRODUCT_NAME = "$(TARGET_NAME)";
				SWIFT_EMIT_LOC_STRINGS = NO;
				SWIFT_VERSION = 5.0;
				TARGETED_DEVICE_FAMILY = "1,2";
				TEST_TARGET_NAME = "BlockNote app";
			};
			name = Debug;
		};
		4E1803D9274058F00096A87C /* Release */ = {
			isa = XCBuildConfiguration;
			baseConfigurationReference = B6BAEC32ACC57C1051FDF84E /* Pods-BlockNote app-BlockNote appUITests.release.xcconfig */;
			buildSettings = {
				ALWAYS_EMBED_SWIFT_STANDARD_LIBRARIES = YES;
				CODE_SIGN_STYLE = Automatic;
				CURRENT_PROJECT_VERSION = 1;
				DEVELOPMENT_TEAM = 5PVHGUKPAW;
				GENERATE_INFOPLIST_FILE = YES;
				IPHONEOS_DEPLOYMENT_TARGET = 16.0;
				LD_RUNPATH_SEARCH_PATHS = (
					"$(inherited)",
					"@executable_path/Frameworks",
					"@loader_path/Frameworks",
				);
				MARKETING_VERSION = 1.0;
				PRODUCT_BUNDLE_IDENTIFIER = "com.CodingKovs.BlockNote-appUITests";
				PRODUCT_NAME = "$(TARGET_NAME)";
				SWIFT_EMIT_LOC_STRINGS = NO;
				SWIFT_VERSION = 5.0;
				TARGETED_DEVICE_FAMILY = "1,2";
				TEST_TARGET_NAME = "BlockNote app";
			};
			name = Release;
		};
/* End XCBuildConfiguration section */

/* Begin XCConfigurationList section */
		4E18039F274058EA0096A87C /* Build configuration list for PBXProject "BlockNote app" */ = {
			isa = XCConfigurationList;
			buildConfigurations = (
				4E1803CF274058F00096A87C /* Debug */,
				4E1803D0274058F00096A87C /* Release */,
			);
			defaultConfigurationIsVisible = 0;
			defaultConfigurationName = Release;
		};
		4E1803D1274058F00096A87C /* Build configuration list for PBXNativeTarget "BlockNote app" */ = {
			isa = XCConfigurationList;
			buildConfigurations = (
				4E1803D2274058F00096A87C /* Debug */,
				4E1803D3274058F00096A87C /* Release */,
			);
			defaultConfigurationIsVisible = 0;
			defaultConfigurationName = Release;
		};
		4E1803D4274058F00096A87C /* Build configuration list for PBXNativeTarget "BlockNote appTests" */ = {
			isa = XCConfigurationList;
			buildConfigurations = (
				4E1803D5274058F00096A87C /* Debug */,
				4E1803D6274058F00096A87C /* Release */,
			);
			defaultConfigurationIsVisible = 0;
			defaultConfigurationName = Release;
		};
		4E1803D7274058F00096A87C /* Build configuration list for PBXNativeTarget "BlockNote appUITests" */ = {
			isa = XCConfigurationList;
			buildConfigurations = (
				4E1803D8274058F00096A87C /* Debug */,
				4E1803D9274058F00096A87C /* Release */,
			);
			defaultConfigurationIsVisible = 0;
			defaultConfigurationName = Release;
		};
/* End XCConfigurationList section */

/* Begin XCRemoteSwiftPackageReference section */
		4E44C7A9278CD52C0054E5E2 /* XCRemoteSwiftPackageReference "CodeEditor" */ = {
			isa = XCRemoteSwiftPackageReference;
			repositoryURL = "https://github.com/ZeeZide/CodeEditor.git";
			requirement = {
				branch = main;
				kind = branch;
			};
		};
		E52DC01B2ABF2B0200C344F1 /* XCRemoteSwiftPackageReference "swift-markdown" */ = {
			isa = XCRemoteSwiftPackageReference;
			repositoryURL = "https://github.com/apple/swift-markdown.git";
			requirement = {
				kind = upToNextMajorVersion;
				minimumVersion = 0.2.0;
			};
		};
/* End XCRemoteSwiftPackageReference section */

/* Begin XCSwiftPackageProductDependency section */
		4E44C7AA278CD52C0054E5E2 /* CodeEditor */ = {
			isa = XCSwiftPackageProductDependency;
			package = 4E44C7A9278CD52C0054E5E2 /* XCRemoteSwiftPackageReference "CodeEditor" */;
			productName = CodeEditor;
		};
		E52DC01C2ABF2B0200C344F1 /* Markdown */ = {
			isa = XCSwiftPackageProductDependency;
			package = E52DC01B2ABF2B0200C344F1 /* XCRemoteSwiftPackageReference "swift-markdown" */;
			productName = Markdown;
		};
/* End XCSwiftPackageProductDependency section */

/* Begin XCVersionGroup section */
		4E1803B0274058EA0096A87C /* BlockNote_app.xcdatamodeld */ = {
			isa = XCVersionGroup;
			children = (
				4E1803B1274058EA0096A87C /* BlockNote_app.xcdatamodel */,
			);
			currentVersion = 4E1803B1274058EA0096A87C /* BlockNote_app.xcdatamodel */;
			path = BlockNote_app.xcdatamodeld;
			sourceTree = "<group>";
			versionGroupType = wrapper.xcdatamodel;
		};
/* End XCVersionGroup section */
	};
	rootObject = 4E18039C274058EA0096A87C /* Project object */;
}
