// !$*UTF8*$!
{
	archiveVersion = 1;
	classes = {
	};
	objectVersion = 55;
	objects = {

/* Begin PBXBuildFile section */
		1BEF933CE572A9F9E47F2285 /* Pods_BlockNote_appTests.framework in Frameworks */ = {isa = PBXBuildFile; fileRef = C9FE5105619F2122C1A13D5E /* Pods_BlockNote_appTests.framework */; };
		4E0FC394281FE38200334783 /* DynamicHeightLayout.swift in Sources */ = {isa = PBXBuildFile; fileRef = 4E0FC393281FE38200334783 /* DynamicHeightLayout.swift */; };
		4E1803A8274058EA0096A87C /* AppDelegate.swift in Sources */ = {isa = PBXBuildFile; fileRef = 4E1803A7274058EA0096A87C /* AppDelegate.swift */; };
		4E1803AA274058EA0096A87C /* SceneDelegate.swift in Sources */ = {isa = PBXBuildFile; fileRef = 4E1803A9274058EA0096A87C /* SceneDelegate.swift */; };
		4E1803AC274058EA0096A87C /* ViewController.swift in Sources */ = {isa = PBXBuildFile; fileRef = 4E1803AB274058EA0096A87C /* ViewController.swift */; };
		4E1803AF274058EA0096A87C /* Main.storyboard in Resources */ = {isa = PBXBuildFile; fileRef = 4E1803AD274058EA0096A87C /* Main.storyboard */; };
		4E1803B2274058EA0096A87C /* BlockNote_app.xcdatamodeld in Sources */ = {isa = PBXBuildFile; fileRef = 4E1803B0274058EA0096A87C /* BlockNote_app.xcdatamodeld */; };
		4E1803B4274058F00096A87C /* Assets.xcassets in Resources */ = {isa = PBXBuildFile; fileRef = 4E1803B3274058F00096A87C /* Assets.xcassets */; };
		4E1803B7274058F00096A87C /* LaunchScreen.storyboard in Resources */ = {isa = PBXBuildFile; fileRef = 4E1803B5274058F00096A87C /* LaunchScreen.storyboard */; };
		4E1803C2274058F00096A87C /* BlockNote_appTests.swift in Sources */ = {isa = PBXBuildFile; fileRef = 4E1803C1274058F00096A87C /* BlockNote_appTests.swift */; };
		4E1803CC274058F00096A87C /* BlockNote_appUITests.swift in Sources */ = {isa = PBXBuildFile; fileRef = 4E1803CB274058F00096A87C /* BlockNote_appUITests.swift */; };
		4E1803CE274058F00096A87C /* BlockNote_appUITestsLaunchTests.swift in Sources */ = {isa = PBXBuildFile; fileRef = 4E1803CD274058F00096A87C /* BlockNote_appUITestsLaunchTests.swift */; };
		4E1B4D0B279CAB34008BDC72 /* C1GroupDetailView.swift in Sources */ = {isa = PBXBuildFile; fileRef = 4E1B4D0A279CAB34008BDC72 /* C1GroupDetailView.swift */; };
		4E239C9727A46FE1000A51A6 /* groupViewCell.swift in Sources */ = {isa = PBXBuildFile; fileRef = 4E239C9627A46FE1000A51A6 /* groupViewCell.swift */; };
		4E26429827EE5ABE0020E380 /* NoteCell.swift in Sources */ = {isa = PBXBuildFile; fileRef = 4E26429727EE5ABE0020E380 /* NoteCell.swift */; };
		4E26429A27EE5B7E0020E380 /* DetailVC.swift in Sources */ = {isa = PBXBuildFile; fileRef = 4E26429927EE5B7E0020E380 /* DetailVC.swift */; };
		4E323E0627BD160B0062008A /* noteListObject.swift in Sources */ = {isa = PBXBuildFile; fileRef = 4E323E0527BD160B0062008A /* noteListObject.swift */; };
		4E44C790278CD0730054E5E2 /* C1NavigationView.swift in Sources */ = {isa = PBXBuildFile; fileRef = 4E44C78F278CD0730054E5E2 /* C1NavigationView.swift */; };
		4E44C792278CD0980054E5E2 /* C1NavViewModel.swift in Sources */ = {isa = PBXBuildFile; fileRef = 4E44C791278CD0980054E5E2 /* C1NavViewModel.swift */; };
		4E44C795278CD0EA0054E5E2 /* SnowBackground.sks in Resources */ = {isa = PBXBuildFile; fileRef = 4E44C793278CD0EA0054E5E2 /* SnowBackground.sks */; };
		4E44C796278CD0EA0054E5E2 /* Assets.xcassets in Resources */ = {isa = PBXBuildFile; fileRef = 4E44C794278CD0EA0054E5E2 /* Assets.xcassets */; };
		4E44C79C278CD2970054E5E2 /* GroupCreateView.swift in Sources */ = {isa = PBXBuildFile; fileRef = 4E44C79B278CD2970054E5E2 /* GroupCreateView.swift */; };
		4E44C79E278CD2C80054E5E2 /* GroupDetailView.swift in Sources */ = {isa = PBXBuildFile; fileRef = 4E44C79D278CD2C80054E5E2 /* GroupDetailView.swift */; };
		4E44C7A1278CD42D0054E5E2 /* BarButton.swift in Sources */ = {isa = PBXBuildFile; fileRef = 4E44C7A0278CD42D0054E5E2 /* BarButton.swift */; };
		4E44C7AB278CD52C0054E5E2 /* CodeEditor in Frameworks */ = {isa = PBXBuildFile; productRef = 4E44C7AA278CD52C0054E5E2 /* CodeEditor */; };
		4E44C7B0278CD54B0054E5E2 /* NoteItemObject.swift in Sources */ = {isa = PBXBuildFile; fileRef = 4E44C7AF278CD54B0054E5E2 /* NoteItemObject.swift */; };
		4E53EAFB2794288800D89CB7 /* DynamicHeightCollectionView.swift in Sources */ = {isa = PBXBuildFile; fileRef = 4E53EAFA2794288800D89CB7 /* DynamicHeightCollectionView.swift */; };
		4E55323C2766412F0013E097 /* Note+CoreDataClass.swift in Sources */ = {isa = PBXBuildFile; fileRef = 4E55323A2766412F0013E097 /* Note+CoreDataClass.swift */; };
		4E55323D2766412F0013E097 /* Note+CoreDataProperties.swift in Sources */ = {isa = PBXBuildFile; fileRef = 4E55323B2766412F0013E097 /* Note+CoreDataProperties.swift */; };
		4E55324427666AF20013E097 /* ViewModifications.swift in Sources */ = {isa = PBXBuildFile; fileRef = 4E55324327666AF10013E097 /* ViewModifications.swift */; };
		4E581A8027E3D55C007731A8 /* C1NoteView.swift in Sources */ = {isa = PBXBuildFile; fileRef = 4E581A7F27E3D55C007731A8 /* C1NoteView.swift */; };
		4E5A381A27AAADB800E1F217 /* Code to test.swift in Sources */ = {isa = PBXBuildFile; fileRef = 4E5A381927AAADB800E1F217 /* Code to test.swift */; };
		4E639F4E274C118E000E249A /* GroupType+CoreDataClass.swift in Sources */ = {isa = PBXBuildFile; fileRef = 4E639F4C274C118E000E249A /* GroupType+CoreDataClass.swift */; };
		4E639F4F274C118E000E249A /* GroupType+CoreDataProperties.swift in Sources */ = {isa = PBXBuildFile; fileRef = 4E639F4D274C118E000E249A /* GroupType+CoreDataProperties.swift */; };
		4E82AA922770F90F00ABAA44 /* GroupCollectionViewCell.swift in Sources */ = {isa = PBXBuildFile; fileRef = 4E82AA902770F90E00ABAA44 /* GroupCollectionViewCell.swift */; };
		4E82AA932770F90F00ABAA44 /* GroupCollectionViewCell.xib in Resources */ = {isa = PBXBuildFile; fileRef = 4E82AA912770F90F00ABAA44 /* GroupCollectionViewCell.xib */; };
		4E82AA962770FDA800ABAA44 /* GroupCollectionObject.swift in Sources */ = {isa = PBXBuildFile; fileRef = 4E82AA952770FDA800ABAA44 /* GroupCollectionObject.swift */; };
		4E9D6F51279C30C000DDC661 /* GroupBar.swift in Sources */ = {isa = PBXBuildFile; fileRef = 4E9D6F50279C30C000DDC661 /* GroupBar.swift */; };
		4EAC48C52808A0390094181B /* CVTextBlock.swift in Sources */ = {isa = PBXBuildFile; fileRef = 4EAC48C32808A0390094181B /* CVTextBlock.swift */; };
		4EAC48C62808A0390094181B /* TextBlock.xib in Resources */ = {isa = PBXBuildFile; fileRef = 4EAC48C42808A0390094181B /* TextBlock.xib */; };
		4EBAB24F2873983400A2AC05 /* TVTitleBlock.swift in Sources */ = {isa = PBXBuildFile; fileRef = 4EBAB24D2873983400A2AC05 /* TVTitleBlock.swift */; };
		4EBAB2502873983400A2AC05 /* TVTitleBlock.xib in Resources */ = {isa = PBXBuildFile; fileRef = 4EBAB24E2873983400A2AC05 /* TVTitleBlock.xib */; };
		4EBAB2552873987600A2AC05 /* TVPhotoBlock.swift in Sources */ = {isa = PBXBuildFile; fileRef = 4EBAB2532873987600A2AC05 /* TVPhotoBlock.swift */; };
		4EBAB2562873987600A2AC05 /* TVPhotoBlock.xib in Resources */ = {isa = PBXBuildFile; fileRef = 4EBAB2542873987600A2AC05 /* TVPhotoBlock.xib */; };
		4EBAB259287398C500A2AC05 /* TVCodeBlock.swift in Sources */ = {isa = PBXBuildFile; fileRef = 4EBAB257287398C500A2AC05 /* TVCodeBlock.swift */; };
		4EBAB25A287398C500A2AC05 /* TVCodeBlock.xib in Resources */ = {isa = PBXBuildFile; fileRef = 4EBAB258287398C500A2AC05 /* TVCodeBlock.xib */; };
		4EBAB25E2873990200A2AC05 /* TVToDoBlock.swift in Sources */ = {isa = PBXBuildFile; fileRef = 4EBAB25C2873990200A2AC05 /* TVToDoBlock.swift */; };
		4EBAB25F2873990200A2AC05 /* TVToDoBlock.xib in Resources */ = {isa = PBXBuildFile; fileRef = 4EBAB25D2873990200A2AC05 /* TVToDoBlock.xib */; };
		4EBAB2642873997900A2AC05 /* TVListBlock.swift in Sources */ = {isa = PBXBuildFile; fileRef = 4EBAB2622873997900A2AC05 /* TVListBlock.swift */; };
		4EBAB2652873997900A2AC05 /* TVListBlock.xib in Resources */ = {isa = PBXBuildFile; fileRef = 4EBAB2632873997900A2AC05 /* TVListBlock.xib */; };
		4EC178E928075C96004FF965 /* C1NoteDetailView.swift in Sources */ = {isa = PBXBuildFile; fileRef = 4EC178E828075C96004FF965 /* C1NoteDetailView.swift */; };
		4ED53DF3278F1AC800F79A3F /* C1NavigationViewController.swift in Sources */ = {isa = PBXBuildFile; fileRef = 4ED53DF2278F1AC800F79A3F /* C1NavigationViewController.swift */; };
		4ED97C91283D206000A257D5 /* C1NoteDetailTBC.swift in Sources */ = {isa = PBXBuildFile; fileRef = 4ED97C90283D206000A257D5 /* C1NoteDetailTBC.swift */; };
		4ED982F2283EB8400063C1F1 /* zeroPaddingTV.swift in Sources */ = {isa = PBXBuildFile; fileRef = 4ED982F1283EB8400063C1F1 /* zeroPaddingTV.swift */; };
		4ED982F4283EB9110063C1F1 /* StringHeight.swift in Sources */ = {isa = PBXBuildFile; fileRef = 4ED982F3283EB9110063C1F1 /* StringHeight.swift */; };
		4EE639C9282C43AF00CD08B2 /* TVTextBlock.swift in Sources */ = {isa = PBXBuildFile; fileRef = 4EE639C7282C43AF00CD08B2 /* TVTextBlock.swift */; };
		4EE639CE282C534100CD08B2 /* TVTextBlock.xib in Resources */ = {isa = PBXBuildFile; fileRef = 4EE639CC282C534100CD08B2 /* TVTextBlock.xib */; };
		4EF4CBC827F1E7520034D66B /* NoteViewCell.swift in Sources */ = {isa = PBXBuildFile; fileRef = 4EF4CBC627F1E7520034D66B /* NoteViewCell.swift */; };
		4EF4CBC927F1E7520034D66B /* NoteViewCell.xib in Resources */ = {isa = PBXBuildFile; fileRef = 4EF4CBC727F1E7520034D66B /* NoteViewCell.xib */; };
		4EFA5FB7274077540096F021 /* NoteItem+CoreDataClass.swift in Sources */ = {isa = PBXBuildFile; fileRef = 4EFA5FB5274077540096F021 /* NoteItem+CoreDataClass.swift */; };
		4EFA5FB8274077540096F021 /* NoteItem+CoreDataProperties.swift in Sources */ = {isa = PBXBuildFile; fileRef = 4EFA5FB6274077540096F021 /* NoteItem+CoreDataProperties.swift */; };
		4EFA5FBB274079D80096F021 /* Extensions.swift in Sources */ = {isa = PBXBuildFile; fileRef = 4EFA5FBA274079D80096F021 /* Extensions.swift */; };
		4EFA5FBD27407A080096F021 /* Persistence.swift in Sources */ = {isa = PBXBuildFile; fileRef = 4EFA5FBC27407A080096F021 /* Persistence.swift */; };
		6579EBDF275421AF7431A790 /* Pods_BlockNote_app.framework in Frameworks */ = {isa = PBXBuildFile; fileRef = 1AC88396065F4498B4887CE5 /* Pods_BlockNote_app.framework */; };
		8060F336A684D6361B5B5B4A /* Pods_BlockNote_app_BlockNote_appUITests.framework in Frameworks */ = {isa = PBXBuildFile; fileRef = A9EECB4F15FDF54EF6348190 /* Pods_BlockNote_app_BlockNote_appUITests.framework */; };
/* End PBXBuildFile section */

/* Begin PBXContainerItemProxy section */
		4E1803BE274058F00096A87C /* PBXContainerItemProxy */ = {
			isa = PBXContainerItemProxy;
			containerPortal = 4E18039C274058EA0096A87C /* Project object */;
			proxyType = 1;
			remoteGlobalIDString = 4E1803A3274058EA0096A87C;
			remoteInfo = "BlockNote app";
		};
		4E1803C8274058F00096A87C /* PBXContainerItemProxy */ = {
			isa = PBXContainerItemProxy;
			containerPortal = 4E18039C274058EA0096A87C /* Project object */;
			proxyType = 1;
			remoteGlobalIDString = 4E1803A3274058EA0096A87C;
			remoteInfo = "BlockNote app";
		};
/* End PBXContainerItemProxy section */

/* Begin PBXFileReference section */
		17F35A151EF1024AE814C0CC /* Pods-BlockNote appTests.release.xcconfig */ = {isa = PBXFileReference; includeInIndex = 1; lastKnownFileType = text.xcconfig; name = "Pods-BlockNote appTests.release.xcconfig"; path = "Target Support Files/Pods-BlockNote appTests/Pods-BlockNote appTests.release.xcconfig"; sourceTree = "<group>"; };
		1AC88396065F4498B4887CE5 /* Pods_BlockNote_app.framework */ = {isa = PBXFileReference; explicitFileType = wrapper.framework; includeInIndex = 0; path = Pods_BlockNote_app.framework; sourceTree = BUILT_PRODUCTS_DIR; };
		294F13A704046044F78BDA64 /* Pods-BlockNote app-BlockNote appUITests.debug.xcconfig */ = {isa = PBXFileReference; includeInIndex = 1; lastKnownFileType = text.xcconfig; name = "Pods-BlockNote app-BlockNote appUITests.debug.xcconfig"; path = "Target Support Files/Pods-BlockNote app-BlockNote appUITests/Pods-BlockNote app-BlockNote appUITests.debug.xcconfig"; sourceTree = "<group>"; };
		301435EC7D9809E0EA4FCE68 /* Pods-BlockNote appTests.debug.xcconfig */ = {isa = PBXFileReference; includeInIndex = 1; lastKnownFileType = text.xcconfig; name = "Pods-BlockNote appTests.debug.xcconfig"; path = "Target Support Files/Pods-BlockNote appTests/Pods-BlockNote appTests.debug.xcconfig"; sourceTree = "<group>"; };
		4E0FC393281FE38200334783 /* DynamicHeightLayout.swift */ = {isa = PBXFileReference; lastKnownFileType = sourcecode.swift; path = DynamicHeightLayout.swift; sourceTree = "<group>"; };
		4E1803A4274058EA0096A87C /* BlockNote app.app */ = {isa = PBXFileReference; explicitFileType = wrapper.application; includeInIndex = 0; path = "BlockNote app.app"; sourceTree = BUILT_PRODUCTS_DIR; };
		4E1803A7274058EA0096A87C /* AppDelegate.swift */ = {isa = PBXFileReference; lastKnownFileType = sourcecode.swift; path = AppDelegate.swift; sourceTree = "<group>"; };
		4E1803A9274058EA0096A87C /* SceneDelegate.swift */ = {isa = PBXFileReference; lastKnownFileType = sourcecode.swift; path = SceneDelegate.swift; sourceTree = "<group>"; };
		4E1803AB274058EA0096A87C /* ViewController.swift */ = {isa = PBXFileReference; lastKnownFileType = sourcecode.swift; path = ViewController.swift; sourceTree = "<group>"; };
		4E1803AE274058EA0096A87C /* Base */ = {isa = PBXFileReference; lastKnownFileType = file.storyboard; name = Base; path = Base.lproj/Main.storyboard; sourceTree = "<group>"; };
		4E1803B1274058EA0096A87C /* BlockNote_app.xcdatamodel */ = {isa = PBXFileReference; lastKnownFileType = wrapper.xcdatamodel; path = BlockNote_app.xcdatamodel; sourceTree = "<group>"; };
		4E1803B3274058F00096A87C /* Assets.xcassets */ = {isa = PBXFileReference; lastKnownFileType = folder.assetcatalog; path = Assets.xcassets; sourceTree = "<group>"; };
		4E1803B6274058F00096A87C /* Base */ = {isa = PBXFileReference; lastKnownFileType = file.storyboard; name = Base; path = Base.lproj/LaunchScreen.storyboard; sourceTree = "<group>"; };
		4E1803B8274058F00096A87C /* Info.plist */ = {isa = PBXFileReference; lastKnownFileType = text.plist.xml; path = Info.plist; sourceTree = "<group>"; };
		4E1803BD274058F00096A87C /* BlockNote appTests.xctest */ = {isa = PBXFileReference; explicitFileType = wrapper.cfbundle; includeInIndex = 0; path = "BlockNote appTests.xctest"; sourceTree = BUILT_PRODUCTS_DIR; };
		4E1803C1274058F00096A87C /* BlockNote_appTests.swift */ = {isa = PBXFileReference; lastKnownFileType = sourcecode.swift; path = BlockNote_appTests.swift; sourceTree = "<group>"; };
		4E1803C7274058F00096A87C /* BlockNote appUITests.xctest */ = {isa = PBXFileReference; explicitFileType = wrapper.cfbundle; includeInIndex = 0; path = "BlockNote appUITests.xctest"; sourceTree = BUILT_PRODUCTS_DIR; };
		4E1803CB274058F00096A87C /* BlockNote_appUITests.swift */ = {isa = PBXFileReference; lastKnownFileType = sourcecode.swift; path = BlockNote_appUITests.swift; sourceTree = "<group>"; };
		4E1803CD274058F00096A87C /* BlockNote_appUITestsLaunchTests.swift */ = {isa = PBXFileReference; lastKnownFileType = sourcecode.swift; path = BlockNote_appUITestsLaunchTests.swift; sourceTree = "<group>"; };
		4E1B4D0A279CAB34008BDC72 /* C1GroupDetailView.swift */ = {isa = PBXFileReference; lastKnownFileType = sourcecode.swift; path = C1GroupDetailView.swift; sourceTree = "<group>"; xcLanguageSpecificationIdentifier = xcode.lang.swift; };
		4E239C9627A46FE1000A51A6 /* groupViewCell.swift */ = {isa = PBXFileReference; lastKnownFileType = sourcecode.swift; path = groupViewCell.swift; sourceTree = "<group>"; };
		4E26429727EE5ABE0020E380 /* NoteCell.swift */ = {isa = PBXFileReference; lastKnownFileType = sourcecode.swift; path = NoteCell.swift; sourceTree = "<group>"; };
		4E26429927EE5B7E0020E380 /* DetailVC.swift */ = {isa = PBXFileReference; lastKnownFileType = sourcecode.swift; path = DetailVC.swift; sourceTree = "<group>"; xcLanguageSpecificationIdentifier = xcode.lang.swift; };
		4E323E0527BD160B0062008A /* noteListObject.swift */ = {isa = PBXFileReference; lastKnownFileType = sourcecode.swift; path = noteListObject.swift; sourceTree = "<group>"; };
		4E44C78F278CD0730054E5E2 /* C1NavigationView.swift */ = {isa = PBXFileReference; lastKnownFileType = sourcecode.swift; path = C1NavigationView.swift; sourceTree = "<group>"; };
		4E44C791278CD0980054E5E2 /* C1NavViewModel.swift */ = {isa = PBXFileReference; lastKnownFileType = sourcecode.swift; path = C1NavViewModel.swift; sourceTree = "<group>"; };
		4E44C793278CD0EA0054E5E2 /* SnowBackground.sks */ = {isa = PBXFileReference; lastKnownFileType = file.sks; path = SnowBackground.sks; sourceTree = "<group>"; };
		4E44C794278CD0EA0054E5E2 /* Assets.xcassets */ = {isa = PBXFileReference; lastKnownFileType = folder.assetcatalog; path = Assets.xcassets; sourceTree = "<group>"; };
		4E44C79B278CD2970054E5E2 /* GroupCreateView.swift */ = {isa = PBXFileReference; lastKnownFileType = sourcecode.swift; path = GroupCreateView.swift; sourceTree = "<group>"; };
		4E44C79D278CD2C80054E5E2 /* GroupDetailView.swift */ = {isa = PBXFileReference; lastKnownFileType = sourcecode.swift; path = GroupDetailView.swift; sourceTree = "<group>"; };
		4E44C7A0278CD42D0054E5E2 /* BarButton.swift */ = {isa = PBXFileReference; lastKnownFileType = sourcecode.swift; path = BarButton.swift; sourceTree = "<group>"; };
		4E44C7AF278CD54B0054E5E2 /* NoteItemObject.swift */ = {isa = PBXFileReference; lastKnownFileType = sourcecode.swift; path = NoteItemObject.swift; sourceTree = "<group>"; };
		4E53EAFA2794288800D89CB7 /* DynamicHeightCollectionView.swift */ = {isa = PBXFileReference; lastKnownFileType = sourcecode.swift; path = DynamicHeightCollectionView.swift; sourceTree = "<group>"; };
		4E55323A2766412F0013E097 /* Note+CoreDataClass.swift */ = {isa = PBXFileReference; lastKnownFileType = sourcecode.swift; path = "Note+CoreDataClass.swift"; sourceTree = "<group>"; };
		4E55323B2766412F0013E097 /* Note+CoreDataProperties.swift */ = {isa = PBXFileReference; lastKnownFileType = sourcecode.swift; path = "Note+CoreDataProperties.swift"; sourceTree = "<group>"; };
		4E55324327666AF10013E097 /* ViewModifications.swift */ = {isa = PBXFileReference; lastKnownFileType = sourcecode.swift; path = ViewModifications.swift; sourceTree = "<group>"; };
		4E581A7F27E3D55C007731A8 /* C1NoteView.swift */ = {isa = PBXFileReference; lastKnownFileType = sourcecode.swift; path = C1NoteView.swift; sourceTree = "<group>"; };
		4E5A381927AAADB800E1F217 /* Code to test.swift */ = {isa = PBXFileReference; lastKnownFileType = sourcecode.swift; path = "Code to test.swift"; sourceTree = "<group>"; };
		4E639F4C274C118E000E249A /* GroupType+CoreDataClass.swift */ = {isa = PBXFileReference; lastKnownFileType = sourcecode.swift; path = "GroupType+CoreDataClass.swift"; sourceTree = "<group>"; };
		4E639F4D274C118E000E249A /* GroupType+CoreDataProperties.swift */ = {isa = PBXFileReference; lastKnownFileType = sourcecode.swift; path = "GroupType+CoreDataProperties.swift"; sourceTree = "<group>"; };
		4E82AA902770F90E00ABAA44 /* GroupCollectionViewCell.swift */ = {isa = PBXFileReference; lastKnownFileType = sourcecode.swift; path = GroupCollectionViewCell.swift; sourceTree = "<group>"; };
		4E82AA912770F90F00ABAA44 /* GroupCollectionViewCell.xib */ = {isa = PBXFileReference; lastKnownFileType = file.xib; path = GroupCollectionViewCell.xib; sourceTree = "<group>"; };
		4E82AA952770FDA800ABAA44 /* GroupCollectionObject.swift */ = {isa = PBXFileReference; lastKnownFileType = sourcecode.swift; path = GroupCollectionObject.swift; sourceTree = "<group>"; };
		4E9D6F50279C30C000DDC661 /* GroupBar.swift */ = {isa = PBXFileReference; lastKnownFileType = sourcecode.swift; path = GroupBar.swift; sourceTree = "<group>"; };
		4EAC48C32808A0390094181B /* CVTextBlock.swift */ = {isa = PBXFileReference; lastKnownFileType = sourcecode.swift; path = CVTextBlock.swift; sourceTree = "<group>"; };
		4EAC48C42808A0390094181B /* TextBlock.xib */ = {isa = PBXFileReference; lastKnownFileType = file.xib; path = TextBlock.xib; sourceTree = "<group>"; };
		4EBAB24D2873983400A2AC05 /* TVTitleBlock.swift */ = {isa = PBXFileReference; lastKnownFileType = sourcecode.swift; path = TVTitleBlock.swift; sourceTree = "<group>"; };
		4EBAB24E2873983400A2AC05 /* TVTitleBlock.xib */ = {isa = PBXFileReference; lastKnownFileType = file.xib; path = TVTitleBlock.xib; sourceTree = "<group>"; };
		4EBAB2532873987600A2AC05 /* TVPhotoBlock.swift */ = {isa = PBXFileReference; lastKnownFileType = sourcecode.swift; path = TVPhotoBlock.swift; sourceTree = "<group>"; };
		4EBAB2542873987600A2AC05 /* TVPhotoBlock.xib */ = {isa = PBXFileReference; lastKnownFileType = file.xib; path = TVPhotoBlock.xib; sourceTree = "<group>"; };
		4EBAB257287398C500A2AC05 /* TVCodeBlock.swift */ = {isa = PBXFileReference; lastKnownFileType = sourcecode.swift; path = TVCodeBlock.swift; sourceTree = "<group>"; };
		4EBAB258287398C500A2AC05 /* TVCodeBlock.xib */ = {isa = PBXFileReference; lastKnownFileType = file.xib; path = TVCodeBlock.xib; sourceTree = "<group>"; };
		4EBAB25C2873990200A2AC05 /* TVToDoBlock.swift */ = {isa = PBXFileReference; lastKnownFileType = sourcecode.swift; path = TVToDoBlock.swift; sourceTree = "<group>"; };
		4EBAB25D2873990200A2AC05 /* TVToDoBlock.xib */ = {isa = PBXFileReference; lastKnownFileType = file.xib; path = TVToDoBlock.xib; sourceTree = "<group>"; };
		4EBAB2622873997900A2AC05 /* TVListBlock.swift */ = {isa = PBXFileReference; lastKnownFileType = sourcecode.swift; path = TVListBlock.swift; sourceTree = "<group>"; };
		4EBAB2632873997900A2AC05 /* TVListBlock.xib */ = {isa = PBXFileReference; lastKnownFileType = file.xib; path = TVListBlock.xib; sourceTree = "<group>"; };
		4EC178E828075C96004FF965 /* C1NoteDetailView.swift */ = {isa = PBXFileReference; lastKnownFileType = sourcecode.swift; path = C1NoteDetailView.swift; sourceTree = "<group>"; };
		4ED53DF2278F1AC800F79A3F /* C1NavigationViewController.swift */ = {isa = PBXFileReference; lastKnownFileType = sourcecode.swift; path = C1NavigationViewController.swift; sourceTree = "<group>"; };
		4ED97C90283D206000A257D5 /* C1NoteDetailTBC.swift */ = {isa = PBXFileReference; lastKnownFileType = sourcecode.swift; path = C1NoteDetailTBC.swift; sourceTree = "<group>"; };
		4ED982F1283EB8400063C1F1 /* zeroPaddingTV.swift */ = {isa = PBXFileReference; lastKnownFileType = sourcecode.swift; path = zeroPaddingTV.swift; sourceTree = "<group>"; };
		4ED982F3283EB9110063C1F1 /* StringHeight.swift */ = {isa = PBXFileReference; lastKnownFileType = sourcecode.swift; path = StringHeight.swift; sourceTree = "<group>"; };
		4EE639C7282C43AF00CD08B2 /* TVTextBlock.swift */ = {isa = PBXFileReference; lastKnownFileType = sourcecode.swift; path = TVTextBlock.swift; sourceTree = "<group>"; };
		4EE639CC282C534100CD08B2 /* TVTextBlock.xib */ = {isa = PBXFileReference; lastKnownFileType = file.xib; path = TVTextBlock.xib; sourceTree = "<group>"; };
		4EF4CBC627F1E7520034D66B /* NoteViewCell.swift */ = {isa = PBXFileReference; lastKnownFileType = sourcecode.swift; path = NoteViewCell.swift; sourceTree = "<group>"; };
		4EF4CBC727F1E7520034D66B /* NoteViewCell.xib */ = {isa = PBXFileReference; lastKnownFileType = file.xib; path = NoteViewCell.xib; sourceTree = "<group>"; };
		4EFA5FB5274077540096F021 /* NoteItem+CoreDataClass.swift */ = {isa = PBXFileReference; lastKnownFileType = sourcecode.swift; path = "NoteItem+CoreDataClass.swift"; sourceTree = "<group>"; };
		4EFA5FB6274077540096F021 /* NoteItem+CoreDataProperties.swift */ = {isa = PBXFileReference; lastKnownFileType = sourcecode.swift; path = "NoteItem+CoreDataProperties.swift"; sourceTree = "<group>"; };
		4EFA5FBA274079D80096F021 /* Extensions.swift */ = {isa = PBXFileReference; lastKnownFileType = sourcecode.swift; path = Extensions.swift; sourceTree = "<group>"; };
		4EFA5FBC27407A080096F021 /* Persistence.swift */ = {isa = PBXFileReference; lastKnownFileType = sourcecode.swift; path = Persistence.swift; sourceTree = "<group>"; };
		A9EECB4F15FDF54EF6348190 /* Pods_BlockNote_app_BlockNote_appUITests.framework */ = {isa = PBXFileReference; explicitFileType = wrapper.framework; includeInIndex = 0; path = Pods_BlockNote_app_BlockNote_appUITests.framework; sourceTree = BUILT_PRODUCTS_DIR; };
		B6BAEC32ACC57C1051FDF84E /* Pods-BlockNote app-BlockNote appUITests.release.xcconfig */ = {isa = PBXFileReference; includeInIndex = 1; lastKnownFileType = text.xcconfig; name = "Pods-BlockNote app-BlockNote appUITests.release.xcconfig"; path = "Target Support Files/Pods-BlockNote app-BlockNote appUITests/Pods-BlockNote app-BlockNote appUITests.release.xcconfig"; sourceTree = "<group>"; };
		C9FE5105619F2122C1A13D5E /* Pods_BlockNote_appTests.framework */ = {isa = PBXFileReference; explicitFileType = wrapper.framework; includeInIndex = 0; path = Pods_BlockNote_appTests.framework; sourceTree = BUILT_PRODUCTS_DIR; };
		D2BC720FA4BCA3CF9991D1A7 /* Pods-BlockNote app.debug.xcconfig */ = {isa = PBXFileReference; includeInIndex = 1; lastKnownFileType = text.xcconfig; name = "Pods-BlockNote app.debug.xcconfig"; path = "Target Support Files/Pods-BlockNote app/Pods-BlockNote app.debug.xcconfig"; sourceTree = "<group>"; };
		F5363CA021A08D1DE1D2EE0C /* Pods-BlockNote app.release.xcconfig */ = {isa = PBXFileReference; includeInIndex = 1; lastKnownFileType = text.xcconfig; name = "Pods-BlockNote app.release.xcconfig"; path = "Target Support Files/Pods-BlockNote app/Pods-BlockNote app.release.xcconfig"; sourceTree = "<group>"; };
/* End PBXFileReference section */

/* Begin PBXFrameworksBuildPhase section */
		4E1803A1274058EA0096A87C /* Frameworks */ = {
			isa = PBXFrameworksBuildPhase;
			buildActionMask = 2147483647;
			files = (
				4E44C7AB278CD52C0054E5E2 /* CodeEditor in Frameworks */,
				6579EBDF275421AF7431A790 /* Pods_BlockNote_app.framework in Frameworks */,
			);
			runOnlyForDeploymentPostprocessing = 0;
		};
		4E1803BA274058F00096A87C /* Frameworks */ = {
			isa = PBXFrameworksBuildPhase;
			buildActionMask = 2147483647;
			files = (
				1BEF933CE572A9F9E47F2285 /* Pods_BlockNote_appTests.framework in Frameworks */,
			);
			runOnlyForDeploymentPostprocessing = 0;
		};
		4E1803C4274058F00096A87C /* Frameworks */ = {
			isa = PBXFrameworksBuildPhase;
			buildActionMask = 2147483647;
			files = (
				8060F336A684D6361B5B5B4A /* Pods_BlockNote_app_BlockNote_appUITests.framework in Frameworks */,
			);
			runOnlyForDeploymentPostprocessing = 0;
		};
/* End PBXFrameworksBuildPhase section */

/* Begin PBXGroup section */
		4E18039B274058EA0096A87C = {
			isa = PBXGroup;
			children = (
				4E1803A6274058EA0096A87C /* BlockNote app */,
				4E1803C0274058F00096A87C /* BlockNote appTests */,
				4E1803CA274058F00096A87C /* BlockNote appUITests */,
				4E1803A5274058EA0096A87C /* Products */,
				5C266FDAFCECF236669BA562 /* Pods */,
				6DE98D49EE79D0923447DE5D /* Frameworks */,
			);
			sourceTree = "<group>";
		};
		4E1803A5274058EA0096A87C /* Products */ = {
			isa = PBXGroup;
			children = (
				4E1803A4274058EA0096A87C /* BlockNote app.app */,
				4E1803BD274058F00096A87C /* BlockNote appTests.xctest */,
				4E1803C7274058F00096A87C /* BlockNote appUITests.xctest */,
			);
			name = Products;
			sourceTree = "<group>";
		};
		4E1803A6274058EA0096A87C /* BlockNote app */ = {
			isa = PBXGroup;
			children = (
				4E1803A7274058EA0096A87C /* AppDelegate.swift */,
				4E1803A9274058EA0096A87C /* SceneDelegate.swift */,
				4ED53DEF278F19EF00F79A3F /* C1UIKit */,
				4EFA5FB9274079AD0096F021 /* C1SwiftUI */,
				4E1803AD274058EA0096A87C /* Main.storyboard */,
				4E1803B3274058F00096A87C /* Assets.xcassets */,
				4E1803B5274058F00096A87C /* LaunchScreen.storyboard */,
				4E1803B8274058F00096A87C /* Info.plist */,
				4E1803DE27405CA00096A87C /* CoreData */,
			);
			path = "BlockNote app";
			sourceTree = "<group>";
		};
		4E1803C0274058F00096A87C /* BlockNote appTests */ = {
			isa = PBXGroup;
			children = (
				4E1803C1274058F00096A87C /* BlockNote_appTests.swift */,
			);
			path = "BlockNote appTests";
			sourceTree = "<group>";
		};
		4E1803CA274058F00096A87C /* BlockNote appUITests */ = {
			isa = PBXGroup;
			children = (
				4E1803CB274058F00096A87C /* BlockNote_appUITests.swift */,
				4E1803CD274058F00096A87C /* BlockNote_appUITestsLaunchTests.swift */,
			);
			path = "BlockNote appUITests";
			sourceTree = "<group>";
		};
		4E1803DE27405CA00096A87C /* CoreData */ = {
			isa = PBXGroup;
			children = (
				4E639F50274C126F000E249A /* GroupType */,
				4E55323727663FCA0013E097 /* Note */,
				4E55323E276642A30013E097 /* NoteItem */,
				4E1803B0274058EA0096A87C /* BlockNote_app.xcdatamodeld */,
			);
			path = CoreData;
			sourceTree = "<group>";
		};
		4E44C797278CD0F20054E5E2 /* SpriteKit */ = {
			isa = PBXGroup;
			children = (
				4E44C793278CD0EA0054E5E2 /* SnowBackground.sks */,
				4E44C794278CD0EA0054E5E2 /* Assets.xcassets */,
			);
			path = SpriteKit;
			sourceTree = "<group>";
		};
		4E44C798278CD24C0054E5E2 /* UIkit */ = {
			isa = PBXGroup;
			children = (
				4E1803AB274058EA0096A87C /* ViewController.swift */,
			);
			path = UIkit;
			sourceTree = "<group>";
		};
		4E44C79A278CD2790054E5E2 /* Group */ = {
			isa = PBXGroup;
			children = (
				4E44C79B278CD2970054E5E2 /* GroupCreateView.swift */,
				4E44C79D278CD2C80054E5E2 /* GroupDetailView.swift */,
			);
			path = Group;
			sourceTree = "<group>";
		};
		4E44C79F278CD41E0054E5E2 /* Additional views */ = {
			isa = PBXGroup;
			children = (
				4E44C7A0278CD42D0054E5E2 /* BarButton.swift */,
			);
			path = "Additional views";
			sourceTree = "<group>";
		};
		4E44C7A2278CD44B0054E5E2 /* Note */ = {
			isa = PBXGroup;
			children = (
				4E44C7AF278CD54B0054E5E2 /* NoteItemObject.swift */,
			);
			path = Note;
			sourceTree = "<group>";
		};
		4E4C715A28193C9300107E18 /* Other objects */ = {
			isa = PBXGroup;
			children = (
				4ED982F1283EB8400063C1F1 /* zeroPaddingTV.swift */,
				4ED982F3283EB9110063C1F1 /* StringHeight.swift */,
				4E323E0527BD160B0062008A /* noteListObject.swift */,
				4E9D6F50279C30C000DDC661 /* GroupBar.swift */,
				4E26429727EE5ABE0020E380 /* NoteCell.swift */,
			);
			path = "Other objects";
			sourceTree = "<group>";
		};
		4E55323727663FCA0013E097 /* Note */ = {
			isa = PBXGroup;
			children = (
				4E55323A2766412F0013E097 /* Note+CoreDataClass.swift */,
				4E55323B2766412F0013E097 /* Note+CoreDataProperties.swift */,
			);
			path = Note;
			sourceTree = "<group>";
		};
		4E55323E276642A30013E097 /* NoteItem */ = {
			isa = PBXGroup;
			children = (
				4EFA5FB5274077540096F021 /* NoteItem+CoreDataClass.swift */,
				4EFA5FB6274077540096F021 /* NoteItem+CoreDataProperties.swift */,
			);
			path = NoteItem;
			sourceTree = "<group>";
		};
		4E639F50274C126F000E249A /* GroupType */ = {
			isa = PBXGroup;
			children = (
				4E639F4C274C118E000E249A /* GroupType+CoreDataClass.swift */,
				4E639F4D274C118E000E249A /* GroupType+CoreDataProperties.swift */,
			);
			path = GroupType;
			sourceTree = "<group>";
		};
		4E82AA942770F91900ABAA44 /* GroupCell */ = {
			isa = PBXGroup;
			children = (
				4E82AA902770F90E00ABAA44 /* GroupCollectionViewCell.swift */,
				4E82AA912770F90F00ABAA44 /* GroupCollectionViewCell.xib */,
			);
			path = GroupCell;
			sourceTree = "<group>";
		};
		4E82AA972770FDAC00ABAA44 /* C1Views */ = {
			isa = PBXGroup;
			children = (
				4E82AA952770FDA800ABAA44 /* GroupCollectionObject.swift */,
				4E44C78F278CD0730054E5E2 /* C1NavigationView.swift */,
				4E44C791278CD0980054E5E2 /* C1NavViewModel.swift */,
			);
			path = C1Views;
			sourceTree = "<group>";
		};
		4EAC48C228089E310094181B /* NoteViewBlocks */ = {
			isa = PBXGroup;
			children = (
				4EE639CF282C6DA600CD08B2 /* tableView */,
				4EE639D0282C6DB900CD08B2 /* CollectionView */,
			);
			path = NoteViewBlocks;
			sourceTree = "<group>";
		};
		4EBAB24B2873980300A2AC05 /* Blocks */ = {
			isa = PBXGroup;
			children = (
				4EBAB2512873983800A2AC05 /* Title */,
				4EBAB24C2873980F00A2AC05 /* Text */,
				4EBAB2522873985200A2AC05 /* Photo */,
				4EBAB25B287398CF00A2AC05 /* Code */,
				4EBAB2602873990A00A2AC05 /* ToDo */,
				4EBAB2612873991E00A2AC05 /* List */,
			);
			path = Blocks;
			sourceTree = "<group>";
		};
		4EBAB24C2873980F00A2AC05 /* Text */ = {
			isa = PBXGroup;
			children = (
				4EE639C7282C43AF00CD08B2 /* TVTextBlock.swift */,
				4EE639CC282C534100CD08B2 /* TVTextBlock.xib */,
			);
			path = Text;
			sourceTree = "<group>";
		};
		4EBAB2512873983800A2AC05 /* Title */ = {
			isa = PBXGroup;
			children = (
				4EBAB24D2873983400A2AC05 /* TVTitleBlock.swift */,
				4EBAB24E2873983400A2AC05 /* TVTitleBlock.xib */,
			);
			path = Title;
			sourceTree = "<group>";
		};
		4EBAB2522873985200A2AC05 /* Photo */ = {
			isa = PBXGroup;
			children = (
				4EBAB2532873987600A2AC05 /* TVPhotoBlock.swift */,
				4EBAB2542873987600A2AC05 /* TVPhotoBlock.xib */,
			);
			path = Photo;
			sourceTree = "<group>";
		};
		4EBAB25B287398CF00A2AC05 /* Code */ = {
			isa = PBXGroup;
			children = (
				4EBAB257287398C500A2AC05 /* TVCodeBlock.swift */,
				4EBAB258287398C500A2AC05 /* TVCodeBlock.xib */,
			);
			path = Code;
			sourceTree = "<group>";
		};
		4EBAB2602873990A00A2AC05 /* ToDo */ = {
			isa = PBXGroup;
			children = (
				4EBAB25C2873990200A2AC05 /* TVToDoBlock.swift */,
				4EBAB25D2873990200A2AC05 /* TVToDoBlock.xib */,
			);
			path = ToDo;
			sourceTree = "<group>";
		};
		4EBAB2612873991E00A2AC05 /* List */ = {
			isa = PBXGroup;
			children = (
				4EBAB2622873997900A2AC05 /* TVListBlock.swift */,
				4EBAB2632873997900A2AC05 /* TVListBlock.xib */,
			);
			path = List;
			sourceTree = "<group>";
		};
		4EBBBE462740A71600041763 /* SwiftUI Views */ = {
			isa = PBXGroup;
			children = (
				4E44C798278CD24C0054E5E2 /* UIkit */,
				4E44C797278CD0F20054E5E2 /* SpriteKit */,
				4E82AA972770FDAC00ABAA44 /* C1Views */,
				4E44C79A278CD2790054E5E2 /* Group */,
				4E82AA942770F91900ABAA44 /* GroupCell */,
				4E44C7A2278CD44B0054E5E2 /* Note */,
			);
			path = "SwiftUI Views";
			sourceTree = "<group>";
		};
		4EC178EA28075C9B004FF965 /* ProgrammaticUI */ = {
			isa = PBXGroup;
			children = (
				4E1B4D0A279CAB34008BDC72 /* C1GroupDetailView.swift */,
				4EC178E828075C96004FF965 /* C1NoteDetailView.swift */,
			);
			path = ProgrammaticUI;
			sourceTree = "<group>";
		};
		4ED53DEF278F19EF00F79A3F /* C1UIKit */ = {
			isa = PBXGroup;
			children = (
				4ED53DF1278F1A9800F79A3F /* UIKit views */,
				4ED53DF0278F1A8E00F79A3F /* Objects */,
			);
			path = C1UIKit;
			sourceTree = "<group>";
		};
		4ED53DF0278F1A8E00F79A3F /* Objects */ = {
			isa = PBXGroup;
			children = (
				4E53EAFA2794288800D89CB7 /* DynamicHeightCollectionView.swift */,
				4E0FC393281FE38200334783 /* DynamicHeightLayout.swift */,
				4EAC48C228089E310094181B /* NoteViewBlocks */,
				4EF4CBCA27F1E76F0034D66B /* ViewCells */,
				4E4C715A28193C9300107E18 /* Other objects */,
			);
			path = Objects;
			sourceTree = "<group>";
		};
		4ED53DF1278F1A9800F79A3F /* UIKit views */ = {
			isa = PBXGroup;
			children = (
				4ED53DF2278F1AC800F79A3F /* C1NavigationViewController.swift */,
				4E26429927EE5B7E0020E380 /* DetailVC.swift */,
				4E581A7F27E3D55C007731A8 /* C1NoteView.swift */,
				4ED97C90283D206000A257D5 /* C1NoteDetailTBC.swift */,
				4EC178EA28075C9B004FF965 /* ProgrammaticUI */,
			);
			path = "UIKit views";
			sourceTree = "<group>";
		};
		4EE639CF282C6DA600CD08B2 /* tableView */ = {
			isa = PBXGroup;
			children = (
				4EBAB24B2873980300A2AC05 /* Blocks */,
			);
			path = tableView;
			sourceTree = "<group>";
		};
		4EE639D0282C6DB900CD08B2 /* CollectionView */ = {
			isa = PBXGroup;
			children = (
				4EAC48C32808A0390094181B /* CVTextBlock.swift */,
				4EAC48C42808A0390094181B /* TextBlock.xib */,
			);
			path = CollectionView;
			sourceTree = "<group>";
		};
		4EF4CBCA27F1E76F0034D66B /* ViewCells */ = {
			isa = PBXGroup;
			children = (
				4EF4CBC627F1E7520034D66B /* NoteViewCell.swift */,
				4EF4CBC727F1E7520034D66B /* NoteViewCell.xib */,
				4E239C9627A46FE1000A51A6 /* groupViewCell.swift */,
			);
			path = ViewCells;
			sourceTree = "<group>";
		};
		4EFA5FB9274079AD0096F021 /* C1SwiftUI */ = {
			isa = PBXGroup;
			children = (
				4EBBBE462740A71600041763 /* SwiftUI Views */,
				4E44C79F278CD41E0054E5E2 /* Additional views */,
				4EFA5FBA274079D80096F021 /* Extensions.swift */,
				4E5A381927AAADB800E1F217 /* Code to test.swift */,
				4E55324327666AF10013E097 /* ViewModifications.swift */,
				4EFA5FBC27407A080096F021 /* Persistence.swift */,
			);
			path = C1SwiftUI;
			sourceTree = "<group>";
		};
		5C266FDAFCECF236669BA562 /* Pods */ = {
			isa = PBXGroup;
			children = (
				D2BC720FA4BCA3CF9991D1A7 /* Pods-BlockNote app.debug.xcconfig */,
				F5363CA021A08D1DE1D2EE0C /* Pods-BlockNote app.release.xcconfig */,
				294F13A704046044F78BDA64 /* Pods-BlockNote app-BlockNote appUITests.debug.xcconfig */,
				B6BAEC32ACC57C1051FDF84E /* Pods-BlockNote app-BlockNote appUITests.release.xcconfig */,
				301435EC7D9809E0EA4FCE68 /* Pods-BlockNote appTests.debug.xcconfig */,
				17F35A151EF1024AE814C0CC /* Pods-BlockNote appTests.release.xcconfig */,
			);
			path = Pods;
			sourceTree = "<group>";
		};
		6DE98D49EE79D0923447DE5D /* Frameworks */ = {
			isa = PBXGroup;
			children = (
				1AC88396065F4498B4887CE5 /* Pods_BlockNote_app.framework */,
				A9EECB4F15FDF54EF6348190 /* Pods_BlockNote_app_BlockNote_appUITests.framework */,
				C9FE5105619F2122C1A13D5E /* Pods_BlockNote_appTests.framework */,
			);
			name = Frameworks;
			sourceTree = "<group>";
		};
/* End PBXGroup section */

/* Begin PBXNativeTarget section */
		4E1803A3274058EA0096A87C /* BlockNote app */ = {
			isa = PBXNativeTarget;
			buildConfigurationList = 4E1803D1274058F00096A87C /* Build configuration list for PBXNativeTarget "BlockNote app" */;
			buildPhases = (
				14650B34698CA4A6938EF95C /* [CP] Check Pods Manifest.lock */,
				4E1803A0274058EA0096A87C /* Sources */,
				4E1803A1274058EA0096A87C /* Frameworks */,
				4E1803A2274058EA0096A87C /* Resources */,
				08EB21DF2050F7BAC60073E1 /* [CP] Embed Pods Frameworks */,
			);
			buildRules = (
			);
			dependencies = (
			);
			name = "BlockNote app";
			packageProductDependencies = (
				4E44C7AA278CD52C0054E5E2 /* CodeEditor */,
			);
			productName = "BlockNote app";
			productReference = 4E1803A4274058EA0096A87C /* BlockNote app.app */;
			productType = "com.apple.product-type.application";
		};
		4E1803BC274058F00096A87C /* BlockNote appTests */ = {
			isa = PBXNativeTarget;
			buildConfigurationList = 4E1803D4274058F00096A87C /* Build configuration list for PBXNativeTarget "BlockNote appTests" */;
			buildPhases = (
				2B2FBA76FF5B15A9EE55C873 /* [CP] Check Pods Manifest.lock */,
				4E1803B9274058F00096A87C /* Sources */,
				4E1803BA274058F00096A87C /* Frameworks */,
				4E1803BB274058F00096A87C /* Resources */,
			);
			buildRules = (
			);
			dependencies = (
				4E1803BF274058F00096A87C /* PBXTargetDependency */,
			);
			name = "BlockNote appTests";
			productName = "BlockNote appTests";
			productReference = 4E1803BD274058F00096A87C /* BlockNote appTests.xctest */;
			productType = "com.apple.product-type.bundle.unit-test";
		};
		4E1803C6274058F00096A87C /* BlockNote appUITests */ = {
			isa = PBXNativeTarget;
			buildConfigurationList = 4E1803D7274058F00096A87C /* Build configuration list for PBXNativeTarget "BlockNote appUITests" */;
			buildPhases = (
				6C6AE566901D322D22B6F69C /* [CP] Check Pods Manifest.lock */,
				4E1803C3274058F00096A87C /* Sources */,
				4E1803C4274058F00096A87C /* Frameworks */,
				4E1803C5274058F00096A87C /* Resources */,
				CF4682E83CA3327E1D7FAC0E /* [CP] Embed Pods Frameworks */,
			);
			buildRules = (
			);
			dependencies = (
				4E1803C9274058F00096A87C /* PBXTargetDependency */,
			);
			name = "BlockNote appUITests";
			productName = "BlockNote appUITests";
			productReference = 4E1803C7274058F00096A87C /* BlockNote appUITests.xctest */;
			productType = "com.apple.product-type.bundle.ui-testing";
		};
/* End PBXNativeTarget section */

/* Begin PBXProject section */
		4E18039C274058EA0096A87C /* Project object */ = {
			isa = PBXProject;
			attributes = {
				BuildIndependentTargetsInParallel = 1;
				LastSwiftUpdateCheck = 1310;
				LastUpgradeCheck = 1310;
				TargetAttributes = {
					4E1803A3274058EA0096A87C = {
						CreatedOnToolsVersion = 13.1;
					};
					4E1803BC274058F00096A87C = {
						CreatedOnToolsVersion = 13.1;
						TestTargetID = 4E1803A3274058EA0096A87C;
					};
					4E1803C6274058F00096A87C = {
						CreatedOnToolsVersion = 13.1;
						TestTargetID = 4E1803A3274058EA0096A87C;
					};
				};
			};
			buildConfigurationList = 4E18039F274058EA0096A87C /* Build configuration list for PBXProject "BlockNote app" */;
			compatibilityVersion = "Xcode 13.0";
			developmentRegion = en;
			hasScannedForEncodings = 0;
			knownRegions = (
				en,
				Base,
			);
			mainGroup = 4E18039B274058EA0096A87C;
			packageReferences = (
				4E44C7A9278CD52C0054E5E2 /* XCRemoteSwiftPackageReference "CodeEditor" */,
			);
			productRefGroup = 4E1803A5274058EA0096A87C /* Products */;
			projectDirPath = "";
			projectRoot = "";
			targets = (
				4E1803A3274058EA0096A87C /* BlockNote app */,
				4E1803BC274058F00096A87C /* BlockNote appTests */,
				4E1803C6274058F00096A87C /* BlockNote appUITests */,
			);
		};
/* End PBXProject section */

/* Begin PBXResourcesBuildPhase section */
		4E1803A2274058EA0096A87C /* Resources */ = {
			isa = PBXResourcesBuildPhase;
			buildActionMask = 2147483647;
			files = (
				4EBAB25A287398C500A2AC05 /* TVCodeBlock.xib in Resources */,
				4E82AA932770F90F00ABAA44 /* GroupCollectionViewCell.xib in Resources */,
				4E44C795278CD0EA0054E5E2 /* SnowBackground.sks in Resources */,
				4EBAB2652873997900A2AC05 /* TVListBlock.xib in Resources */,
				4EBAB25F2873990200A2AC05 /* TVToDoBlock.xib in Resources */,
				4EBAB2562873987600A2AC05 /* TVPhotoBlock.xib in Resources */,
				4E1803B7274058F00096A87C /* LaunchScreen.storyboard in Resources */,
				4EE639CE282C534100CD08B2 /* TVTextBlock.xib in Resources */,
				4E1803B4274058F00096A87C /* Assets.xcassets in Resources */,
				4E44C796278CD0EA0054E5E2 /* Assets.xcassets in Resources */,
				4EBAB2502873983400A2AC05 /* TVTitleBlock.xib in Resources */,
				4EF4CBC927F1E7520034D66B /* NoteViewCell.xib in Resources */,
				4EAC48C62808A0390094181B /* TextBlock.xib in Resources */,
				4E1803AF274058EA0096A87C /* Main.storyboard in Resources */,
			);
			runOnlyForDeploymentPostprocessing = 0;
		};
		4E1803BB274058F00096A87C /* Resources */ = {
			isa = PBXResourcesBuildPhase;
			buildActionMask = 2147483647;
			files = (
			);
			runOnlyForDeploymentPostprocessing = 0;
		};
		4E1803C5274058F00096A87C /* Resources */ = {
			isa = PBXResourcesBuildPhase;
			buildActionMask = 2147483647;
			files = (
			);
			runOnlyForDeploymentPostprocessing = 0;
		};
/* End PBXResourcesBuildPhase section */

/* Begin PBXShellScriptBuildPhase section */
		08EB21DF2050F7BAC60073E1 /* [CP] Embed Pods Frameworks */ = {
			isa = PBXShellScriptBuildPhase;
			buildActionMask = 2147483647;
			files = (
			);
			inputFileListPaths = (
				"${PODS_ROOT}/Target Support Files/Pods-BlockNote app/Pods-BlockNote app-frameworks-${CONFIGURATION}-input-files.xcfilelist",
			);
			name = "[CP] Embed Pods Frameworks";
			outputFileListPaths = (
				"${PODS_ROOT}/Target Support Files/Pods-BlockNote app/Pods-BlockNote app-frameworks-${CONFIGURATION}-output-files.xcfilelist",
			);
			runOnlyForDeploymentPostprocessing = 0;
			shellPath = /bin/sh;
			shellScript = "\"${PODS_ROOT}/Target Support Files/Pods-BlockNote app/Pods-BlockNote app-frameworks.sh\"\n";
			showEnvVarsInLog = 0;
		};
		14650B34698CA4A6938EF95C /* [CP] Check Pods Manifest.lock */ = {
			isa = PBXShellScriptBuildPhase;
			buildActionMask = 2147483647;
			files = (
			);
			inputFileListPaths = (
			);
			inputPaths = (
				"${PODS_PODFILE_DIR_PATH}/Podfile.lock",
				"${PODS_ROOT}/Manifest.lock",
			);
			name = "[CP] Check Pods Manifest.lock";
			outputFileListPaths = (
			);
			outputPaths = (
				"$(DERIVED_FILE_DIR)/Pods-BlockNote app-checkManifestLockResult.txt",
			);
			runOnlyForDeploymentPostprocessing = 0;
			shellPath = /bin/sh;
			shellScript = "diff \"${PODS_PODFILE_DIR_PATH}/Podfile.lock\" \"${PODS_ROOT}/Manifest.lock\" > /dev/null\nif [ $? != 0 ] ; then\n    # print error to STDERR\n    echo \"error: The sandbox is not in sync with the Podfile.lock. Run 'pod install' or update your CocoaPods installation.\" >&2\n    exit 1\nfi\n# This output is used by Xcode 'outputs' to avoid re-running this script phase.\necho \"SUCCESS\" > \"${SCRIPT_OUTPUT_FILE_0}\"\n";
			showEnvVarsInLog = 0;
		};
		2B2FBA76FF5B15A9EE55C873 /* [CP] Check Pods Manifest.lock */ = {
			isa = PBXShellScriptBuildPhase;
			buildActionMask = 2147483647;
			files = (
			);
			inputFileListPaths = (
			);
			inputPaths = (
				"${PODS_PODFILE_DIR_PATH}/Podfile.lock",
				"${PODS_ROOT}/Manifest.lock",
			);
			name = "[CP] Check Pods Manifest.lock";
			outputFileListPaths = (
			);
			outputPaths = (
				"$(DERIVED_FILE_DIR)/Pods-BlockNote appTests-checkManifestLockResult.txt",
			);
			runOnlyForDeploymentPostprocessing = 0;
			shellPath = /bin/sh;
			shellScript = "diff \"${PODS_PODFILE_DIR_PATH}/Podfile.lock\" \"${PODS_ROOT}/Manifest.lock\" > /dev/null\nif [ $? != 0 ] ; then\n    # print error to STDERR\n    echo \"error: The sandbox is not in sync with the Podfile.lock. Run 'pod install' or update your CocoaPods installation.\" >&2\n    exit 1\nfi\n# This output is used by Xcode 'outputs' to avoid re-running this script phase.\necho \"SUCCESS\" > \"${SCRIPT_OUTPUT_FILE_0}\"\n";
			showEnvVarsInLog = 0;
		};
		6C6AE566901D322D22B6F69C /* [CP] Check Pods Manifest.lock */ = {
			isa = PBXShellScriptBuildPhase;
			buildActionMask = 2147483647;
			files = (
			);
			inputFileListPaths = (
			);
			inputPaths = (
				"${PODS_PODFILE_DIR_PATH}/Podfile.lock",
				"${PODS_ROOT}/Manifest.lock",
			);
			name = "[CP] Check Pods Manifest.lock";
			outputFileListPaths = (
			);
			outputPaths = (
				"$(DERIVED_FILE_DIR)/Pods-BlockNote app-BlockNote appUITests-checkManifestLockResult.txt",
			);
			runOnlyForDeploymentPostprocessing = 0;
			shellPath = /bin/sh;
			shellScript = "diff \"${PODS_PODFILE_DIR_PATH}/Podfile.lock\" \"${PODS_ROOT}/Manifest.lock\" > /dev/null\nif [ $? != 0 ] ; then\n    # print error to STDERR\n    echo \"error: The sandbox is not in sync with the Podfile.lock. Run 'pod install' or update your CocoaPods installation.\" >&2\n    exit 1\nfi\n# This output is used by Xcode 'outputs' to avoid re-running this script phase.\necho \"SUCCESS\" > \"${SCRIPT_OUTPUT_FILE_0}\"\n";
			showEnvVarsInLog = 0;
		};
		CF4682E83CA3327E1D7FAC0E /* [CP] Embed Pods Frameworks */ = {
			isa = PBXShellScriptBuildPhase;
			buildActionMask = 2147483647;
			files = (
			);
			inputFileListPaths = (
				"${PODS_ROOT}/Target Support Files/Pods-BlockNote app-BlockNote appUITests/Pods-BlockNote app-BlockNote appUITests-frameworks-${CONFIGURATION}-input-files.xcfilelist",
			);
			name = "[CP] Embed Pods Frameworks";
			outputFileListPaths = (
				"${PODS_ROOT}/Target Support Files/Pods-BlockNote app-BlockNote appUITests/Pods-BlockNote app-BlockNote appUITests-frameworks-${CONFIGURATION}-output-files.xcfilelist",
			);
			runOnlyForDeploymentPostprocessing = 0;
			shellPath = /bin/sh;
			shellScript = "\"${PODS_ROOT}/Target Support Files/Pods-BlockNote app-BlockNote appUITests/Pods-BlockNote app-BlockNote appUITests-frameworks.sh\"\n";
			showEnvVarsInLog = 0;
		};
/* End PBXShellScriptBuildPhase section */

/* Begin PBXSourcesBuildPhase section */
		4E1803A0274058EA0096A87C /* Sources */ = {
			isa = PBXSourcesBuildPhase;
			buildActionMask = 2147483647;
			files = (
				4E44C790278CD0730054E5E2 /* C1NavigationView.swift in Sources */,
				4ED982F4283EB9110063C1F1 /* StringHeight.swift in Sources */,
				4E0FC394281FE38200334783 /* DynamicHeightLayout.swift in Sources */,
				4E44C7B0278CD54B0054E5E2 /* NoteItemObject.swift in Sources */,
				4E44C79E278CD2C80054E5E2 /* GroupDetailView.swift in Sources */,
				4E639F4E274C118E000E249A /* GroupType+CoreDataClass.swift in Sources */,
				4E1803AC274058EA0096A87C /* ViewController.swift in Sources */,
				4EE639C9282C43AF00CD08B2 /* TVTextBlock.swift in Sources */,
				4EBAB259287398C500A2AC05 /* TVCodeBlock.swift in Sources */,
				4E55323C2766412F0013E097 /* Note+CoreDataClass.swift in Sources */,
				4E639F4F274C118E000E249A /* GroupType+CoreDataProperties.swift in Sources */,
				4E1803A8274058EA0096A87C /* AppDelegate.swift in Sources */,
				4E55324427666AF20013E097 /* ViewModifications.swift in Sources */,
				4ED982F2283EB8400063C1F1 /* zeroPaddingTV.swift in Sources */,
				4EBAB25E2873990200A2AC05 /* TVToDoBlock.swift in Sources */,
				4E55323D2766412F0013E097 /* Note+CoreDataProperties.swift in Sources */,
				4E581A8027E3D55C007731A8 /* C1NoteView.swift in Sources */,
				4EFA5FB7274077540096F021 /* NoteItem+CoreDataClass.swift in Sources */,
				4EAC48C52808A0390094181B /* CVTextBlock.swift in Sources */,
				4E82AA922770F90F00ABAA44 /* GroupCollectionViewCell.swift in Sources */,
				4E1B4D0B279CAB34008BDC72 /* C1GroupDetailView.swift in Sources */,
				4E26429A27EE5B7E0020E380 /* DetailVC.swift in Sources */,
				4EBAB24F2873983400A2AC05 /* TVTitleBlock.swift in Sources */,
				4ED97C91283D206000A257D5 /* C1NoteDetailTBC.swift in Sources */,
				4EC178E928075C96004FF965 /* C1NoteDetailView.swift in Sources */,
				4E44C79C278CD2970054E5E2 /* GroupCreateView.swift in Sources */,
				4EFA5FB8274077540096F021 /* NoteItem+CoreDataProperties.swift in Sources */,
				4E44C792278CD0980054E5E2 /* C1NavViewModel.swift in Sources */,
				4E82AA962770FDA800ABAA44 /* GroupCollectionObject.swift in Sources */,
				4E53EAFB2794288800D89CB7 /* DynamicHeightCollectionView.swift in Sources */,
				4E5A381A27AAADB800E1F217 /* Code to test.swift in Sources */,
				4ED53DF3278F1AC800F79A3F /* C1NavigationViewController.swift in Sources */,
				4E9D6F51279C30C000DDC661 /* GroupBar.swift in Sources */,
				4E239C9727A46FE1000A51A6 /* groupViewCell.swift in Sources */,
				4E1803AA274058EA0096A87C /* SceneDelegate.swift in Sources */,
				4EFA5FBD27407A080096F021 /* Persistence.swift in Sources */,
				4E323E0627BD160B0062008A /* noteListObject.swift in Sources */,
				4EBAB2642873997900A2AC05 /* TVListBlock.swift in Sources */,
				4E1803B2274058EA0096A87C /* BlockNote_app.xcdatamodeld in Sources */,
				4E26429827EE5ABE0020E380 /* NoteCell.swift in Sources */,
				4EFA5FBB274079D80096F021 /* Extensions.swift in Sources */,
				4EBAB2552873987600A2AC05 /* TVPhotoBlock.swift in Sources */,
				4EF4CBC827F1E7520034D66B /* NoteViewCell.swift in Sources */,
				4E44C7A1278CD42D0054E5E2 /* BarButton.swift in Sources */,
			);
			runOnlyForDeploymentPostprocessing = 0;
		};
		4E1803B9274058F00096A87C /* Sources */ = {
			isa = PBXSourcesBuildPhase;
			buildActionMask = 2147483647;
			files = (
				4E1803C2274058F00096A87C /* BlockNote_appTests.swift in Sources */,
			);
			runOnlyForDeploymentPostprocessing = 0;
		};
		4E1803C3274058F00096A87C /* Sources */ = {
			isa = PBXSourcesBuildPhase;
			buildActionMask = 2147483647;
			files = (
				4E1803CE274058F00096A87C /* BlockNote_appUITestsLaunchTests.swift in Sources */,
				4E1803CC274058F00096A87C /* BlockNote_appUITests.swift in Sources */,
			);
			runOnlyForDeploymentPostprocessing = 0;
		};
/* End PBXSourcesBuildPhase section */

/* Begin PBXTargetDependency section */
		4E1803BF274058F00096A87C /* PBXTargetDependency */ = {
			isa = PBXTargetDependency;
			target = 4E1803A3274058EA0096A87C /* BlockNote app */;
			targetProxy = 4E1803BE274058F00096A87C /* PBXContainerItemProxy */;
		};
		4E1803C9274058F00096A87C /* PBXTargetDependency */ = {
			isa = PBXTargetDependency;
			target = 4E1803A3274058EA0096A87C /* BlockNote app */;
			targetProxy = 4E1803C8274058F00096A87C /* PBXContainerItemProxy */;
		};
/* End PBXTargetDependency section */

/* Begin PBXVariantGroup section */
		4E1803AD274058EA0096A87C /* Main.storyboard */ = {
			isa = PBXVariantGroup;
			children = (
				4E1803AE274058EA0096A87C /* Base */,
			);
			name = Main.storyboard;
			sourceTree = "<group>";
		};
		4E1803B5274058F00096A87C /* LaunchScreen.storyboard */ = {
			isa = PBXVariantGroup;
			children = (
				4E1803B6274058F00096A87C /* Base */,
			);
			name = LaunchScreen.storyboard;
			sourceTree = "<group>";
		};
/* End PBXVariantGroup section */

/* Begin XCBuildConfiguration section */
		4E1803CF274058F00096A87C /* Debug */ = {
			isa = XCBuildConfiguration;
			buildSettings = {
				ALWAYS_SEARCH_USER_PATHS = NO;
				CLANG_ANALYZER_NONNULL = YES;
				CLANG_ANALYZER_NUMBER_OBJECT_CONVERSION = YES_AGGRESSIVE;
				CLANG_CXX_LANGUAGE_STANDARD = "gnu++17";
				CLANG_CXX_LIBRARY = "libc++";
				CLANG_ENABLE_MODULES = YES;
				CLANG_ENABLE_OBJC_ARC = YES;
				CLANG_ENABLE_OBJC_WEAK = YES;
				CLANG_WARN_BLOCK_CAPTURE_AUTORELEASING = YES;
				CLANG_WARN_BOOL_CONVERSION = YES;
				CLANG_WARN_COMMA = YES;
				CLANG_WARN_CONSTANT_CONVERSION = YES;
				CLANG_WARN_DEPRECATED_OBJC_IMPLEMENTATIONS = YES;
				CLANG_WARN_DIRECT_OBJC_ISA_USAGE = YES_ERROR;
				CLANG_WARN_DOCUMENTATION_COMMENTS = YES;
				CLANG_WARN_EMPTY_BODY = YES;
				CLANG_WARN_ENUM_CONVERSION = YES;
				CLANG_WARN_INFINITE_RECURSION = YES;
				CLANG_WARN_INT_CONVERSION = YES;
				CLANG_WARN_NON_LITERAL_NULL_CONVERSION = YES;
				CLANG_WARN_OBJC_IMPLICIT_RETAIN_SELF = YES;
				CLANG_WARN_OBJC_LITERAL_CONVERSION = YES;
				CLANG_WARN_OBJC_ROOT_CLASS = YES_ERROR;
				CLANG_WARN_QUOTED_INCLUDE_IN_FRAMEWORK_HEADER = YES;
				CLANG_WARN_RANGE_LOOP_ANALYSIS = YES;
				CLANG_WARN_STRICT_PROTOTYPES = YES;
				CLANG_WARN_SUSPICIOUS_MOVE = YES;
				CLANG_WARN_UNGUARDED_AVAILABILITY = YES_AGGRESSIVE;
				CLANG_WARN_UNREACHABLE_CODE = YES;
				CLANG_WARN__DUPLICATE_METHOD_MATCH = YES;
				COPY_PHASE_STRIP = NO;
				DEBUG_INFORMATION_FORMAT = dwarf;
				ENABLE_STRICT_OBJC_MSGSEND = YES;
				ENABLE_TESTABILITY = YES;
				GCC_C_LANGUAGE_STANDARD = gnu11;
				GCC_DYNAMIC_NO_PIC = NO;
				GCC_NO_COMMON_BLOCKS = YES;
				GCC_OPTIMIZATION_LEVEL = 0;
				GCC_PREPROCESSOR_DEFINITIONS = (
					"DEBUG=1",
					"$(inherited)",
				);
				GCC_WARN_64_TO_32_BIT_CONVERSION = YES;
				GCC_WARN_ABOUT_RETURN_TYPE = YES_ERROR;
				GCC_WARN_UNDECLARED_SELECTOR = YES;
				GCC_WARN_UNINITIALIZED_AUTOS = YES_AGGRESSIVE;
				GCC_WARN_UNUSED_FUNCTION = YES;
				GCC_WARN_UNUSED_VARIABLE = YES;
				IPHONEOS_DEPLOYMENT_TARGET = 15.0;
				MTL_ENABLE_DEBUG_INFO = INCLUDE_SOURCE;
				MTL_FAST_MATH = YES;
				ONLY_ACTIVE_ARCH = YES;
				SDKROOT = iphoneos;
				SWIFT_ACTIVE_COMPILATION_CONDITIONS = DEBUG;
				SWIFT_OPTIMIZATION_LEVEL = "-Onone";
			};
			name = Debug;
		};
		4E1803D0274058F00096A87C /* Release */ = {
			isa = XCBuildConfiguration;
			buildSettings = {
				ALWAYS_SEARCH_USER_PATHS = NO;
				CLANG_ANALYZER_NONNULL = YES;
				CLANG_ANALYZER_NUMBER_OBJECT_CONVERSION = YES_AGGRESSIVE;
				CLANG_CXX_LANGUAGE_STANDARD = "gnu++17";
				CLANG_CXX_LIBRARY = "libc++";
				CLANG_ENABLE_MODULES = YES;
				CLANG_ENABLE_OBJC_ARC = YES;
				CLANG_ENABLE_OBJC_WEAK = YES;
				CLANG_WARN_BLOCK_CAPTURE_AUTORELEASING = YES;
				CLANG_WARN_BOOL_CONVERSION = YES;
				CLANG_WARN_COMMA = YES;
				CLANG_WARN_CONSTANT_CONVERSION = YES;
				CLANG_WARN_DEPRECATED_OBJC_IMPLEMENTATIONS = YES;
				CLANG_WARN_DIRECT_OBJC_ISA_USAGE = YES_ERROR;
				CLANG_WARN_DOCUMENTATION_COMMENTS = YES;
				CLANG_WARN_EMPTY_BODY = YES;
				CLANG_WARN_ENUM_CONVERSION = YES;
				CLANG_WARN_INFINITE_RECURSION = YES;
				CLANG_WARN_INT_CONVERSION = YES;
				CLANG_WARN_NON_LITERAL_NULL_CONVERSION = YES;
				CLANG_WARN_OBJC_IMPLICIT_RETAIN_SELF = YES;
				CLANG_WARN_OBJC_LITERAL_CONVERSION = YES;
				CLANG_WARN_OBJC_ROOT_CLASS = YES_ERROR;
				CLANG_WARN_QUOTED_INCLUDE_IN_FRAMEWORK_HEADER = YES;
				CLANG_WARN_RANGE_LOOP_ANALYSIS = YES;
				CLANG_WARN_STRICT_PROTOTYPES = YES;
				CLANG_WARN_SUSPICIOUS_MOVE = YES;
				CLANG_WARN_UNGUARDED_AVAILABILITY = YES_AGGRESSIVE;
				CLANG_WARN_UNREACHABLE_CODE = YES;
				CLANG_WARN__DUPLICATE_METHOD_MATCH = YES;
				COPY_PHASE_STRIP = NO;
				DEBUG_INFORMATION_FORMAT = "dwarf-with-dsym";
				ENABLE_NS_ASSERTIONS = NO;
				ENABLE_STRICT_OBJC_MSGSEND = YES;
				GCC_C_LANGUAGE_STANDARD = gnu11;
				GCC_NO_COMMON_BLOCKS = YES;
				GCC_WARN_64_TO_32_BIT_CONVERSION = YES;
				GCC_WARN_ABOUT_RETURN_TYPE = YES_ERROR;
				GCC_WARN_UNDECLARED_SELECTOR = YES;
				GCC_WARN_UNINITIALIZED_AUTOS = YES_AGGRESSIVE;
				GCC_WARN_UNUSED_FUNCTION = YES;
				GCC_WARN_UNUSED_VARIABLE = YES;
				IPHONEOS_DEPLOYMENT_TARGET = 15.0;
				MTL_ENABLE_DEBUG_INFO = NO;
				MTL_FAST_MATH = YES;
				SDKROOT = iphoneos;
				SWIFT_COMPILATION_MODE = wholemodule;
				SWIFT_OPTIMIZATION_LEVEL = "-O";
				VALIDATE_PRODUCT = YES;
			};
			name = Release;
		};
		4E1803D2274058F00096A87C /* Debug */ = {
			isa = XCBuildConfiguration;
			baseConfigurationReference = D2BC720FA4BCA3CF9991D1A7 /* Pods-BlockNote app.debug.xcconfig */;
			buildSettings = {
				ASSETCATALOG_COMPILER_APPICON_NAME = AppIcon;
				ASSETCATALOG_COMPILER_GLOBAL_ACCENT_COLOR_NAME = AccentColor;
				CODE_SIGN_STYLE = Automatic;
				CURRENT_PROJECT_VERSION = 1;
				DEVELOPMENT_TEAM = 5PVHGUKPAW;
				GENERATE_INFOPLIST_FILE = YES;
				INFOPLIST_FILE = "BlockNote app/Info.plist";
				INFOPLIST_KEY_UIApplicationSupportsIndirectInputEvents = YES;
				INFOPLIST_KEY_UILaunchStoryboardName = LaunchScreen;
				INFOPLIST_KEY_UIMainStoryboardFile = Main;
				INFOPLIST_KEY_UISupportedInterfaceOrientations = UIInterfaceOrientationPortrait;
				INFOPLIST_KEY_UISupportedInterfaceOrientations_iPad = "UIInterfaceOrientationPortrait UIInterfaceOrientationPortraitUpsideDown UIInterfaceOrientationLandscapeLeft UIInterfaceOrientationLandscapeRight";
				INFOPLIST_KEY_UISupportedInterfaceOrientations_iPhone = "UIInterfaceOrientationPortrait UIInterfaceOrientationLandscapeLeft UIInterfaceOrientationLandscapeRight";
				LD_RUNPATH_SEARCH_PATHS = (
					"$(inherited)",
					"@executable_path/Frameworks",
				);
				MARKETING_VERSION = 2.1;
				PRODUCT_BUNDLE_IDENTIFIER = "com.CodingKovs.BlockNote-app";
				PRODUCT_NAME = "$(TARGET_NAME)";
				SWIFT_EMIT_LOC_STRINGS = YES;
				SWIFT_VERSION = 5.0;
				TARGETED_DEVICE_FAMILY = "1,2";
			};
			name = Debug;
		};
		4E1803D3274058F00096A87C /* Release */ = {
			isa = XCBuildConfiguration;
			baseConfigurationReference = F5363CA021A08D1DE1D2EE0C /* Pods-BlockNote app.release.xcconfig */;
			buildSettings = {
				ASSETCATALOG_COMPILER_APPICON_NAME = AppIcon;
				ASSETCATALOG_COMPILER_GLOBAL_ACCENT_COLOR_NAME = AccentColor;
				CODE_SIGN_STYLE = Automatic;
				CURRENT_PROJECT_VERSION = 1;
				DEVELOPMENT_TEAM = 5PVHGUKPAW;
				GENERATE_INFOPLIST_FILE = YES;
				INFOPLIST_FILE = "BlockNote app/Info.plist";
				INFOPLIST_KEY_UIApplicationSupportsIndirectInputEvents = YES;
				INFOPLIST_KEY_UILaunchStoryboardName = LaunchScreen;
				INFOPLIST_KEY_UIMainStoryboardFile = Main;
				INFOPLIST_KEY_UISupportedInterfaceOrientations = UIInterfaceOrientationPortrait;
				INFOPLIST_KEY_UISupportedInterfaceOrientations_iPad = "UIInterfaceOrientationPortrait UIInterfaceOrientationPortraitUpsideDown UIInterfaceOrientationLandscapeLeft UIInterfaceOrientationLandscapeRight";
				INFOPLIST_KEY_UISupportedInterfaceOrientations_iPhone = "UIInterfaceOrientationPortrait UIInterfaceOrientationLandscapeLeft UIInterfaceOrientationLandscapeRight";
				LD_RUNPATH_SEARCH_PATHS = (
					"$(inherited)",
					"@executable_path/Frameworks",
				);
				MARKETING_VERSION = 2.1;
				PRODUCT_BUNDLE_IDENTIFIER = "com.CodingKovs.BlockNote-app";
				PRODUCT_NAME = "$(TARGET_NAME)";
				SWIFT_EMIT_LOC_STRINGS = YES;
				SWIFT_VERSION = 5.0;
				TARGETED_DEVICE_FAMILY = "1,2";
			};
			name = Release;
		};
		4E1803D5274058F00096A87C /* Debug */ = {
			isa = XCBuildConfiguration;
			baseConfigurationReference = 301435EC7D9809E0EA4FCE68 /* Pods-BlockNote appTests.debug.xcconfig */;
			buildSettings = {
				ALWAYS_EMBED_SWIFT_STANDARD_LIBRARIES = YES;
				BUNDLE_LOADER = "$(TEST_HOST)";
				CODE_SIGN_STYLE = Automatic;
				CURRENT_PROJECT_VERSION = 1;
				DEVELOPMENT_TEAM = 5PVHGUKPAW;
				GENERATE_INFOPLIST_FILE = YES;
				IPHONEOS_DEPLOYMENT_TARGET = 15.0;
				LD_RUNPATH_SEARCH_PATHS = (
					"$(inherited)",
					"@executable_path/Frameworks",
					"@loader_path/Frameworks",
				);
				MARKETING_VERSION = 1.0;
				PRODUCT_BUNDLE_IDENTIFIER = "com.CodingKovs.BlockNote-appTests";
				PRODUCT_NAME = "$(TARGET_NAME)";
				SWIFT_EMIT_LOC_STRINGS = NO;
				SWIFT_VERSION = 5.0;
				TARGETED_DEVICE_FAMILY = "1,2";
				TEST_HOST = "$(BUILT_PRODUCTS_DIR)/BlockNote app.app/BlockNote app";
			};
			name = Debug;
		};
		4E1803D6274058F00096A87C /* Release */ = {
			isa = XCBuildConfiguration;
			baseConfigurationReference = 17F35A151EF1024AE814C0CC /* Pods-BlockNote appTests.release.xcconfig */;
			buildSettings = {
				ALWAYS_EMBED_SWIFT_STANDARD_LIBRARIES = YES;
				BUNDLE_LOADER = "$(TEST_HOST)";
				CODE_SIGN_STYLE = Automatic;
				CURRENT_PROJECT_VERSION = 1;
				DEVELOPMENT_TEAM = 5PVHGUKPAW;
				GENERATE_INFOPLIST_FILE = YES;
				IPHONEOS_DEPLOYMENT_TARGET = 15.0;
				LD_RUNPATH_SEARCH_PATHS = (
					"$(inherited)",
					"@executable_path/Frameworks",
					"@loader_path/Frameworks",
				);
				MARKETING_VERSION = 1.0;
				PRODUCT_BUNDLE_IDENTIFIER = "com.CodingKovs.BlockNote-appTests";
				PRODUCT_NAME = "$(TARGET_NAME)";
				SWIFT_EMIT_LOC_STRINGS = NO;
				SWIFT_VERSION = 5.0;
				TARGETED_DEVICE_FAMILY = "1,2";
				TEST_HOST = "$(BUILT_PRODUCTS_DIR)/BlockNote app.app/BlockNote app";
			};
			name = Release;
		};
		4E1803D8274058F00096A87C /* Debug */ = {
			isa = XCBuildConfiguration;
			baseConfigurationReference = 294F13A704046044F78BDA64 /* Pods-BlockNote app-BlockNote appUITests.debug.xcconfig */;
			buildSettings = {
				ALWAYS_EMBED_SWIFT_STANDARD_LIBRARIES = YES;
				CODE_SIGN_STYLE = Automatic;
				CURRENT_PROJECT_VERSION = 1;
				DEVELOPMENT_TEAM = 5PVHGUKPAW;
				GENERATE_INFOPLIST_FILE = YES;
				LD_RUNPATH_SEARCH_PATHS = (
					"$(inherited)",
					"@executable_path/Frameworks",
					"@loader_path/Frameworks",
				);
				MARKETING_VERSION = 1.0;
				PRODUCT_BUNDLE_IDENTIFIER = "com.CodingKovs.BlockNote-appUITests";
				PRODUCT_NAME = "$(TARGET_NAME)";
				SWIFT_EMIT_LOC_STRINGS = NO;
				SWIFT_VERSION = 5.0;
				TARGETED_DEVICE_FAMILY = "1,2";
				TEST_TARGET_NAME = "BlockNote app";
			};
			name = Debug;
		};
		4E1803D9274058F00096A87C /* Release */ = {
			isa = XCBuildConfiguration;
			baseConfigurationReference = B6BAEC32ACC57C1051FDF84E /* Pods-BlockNote app-BlockNote appUITests.release.xcconfig */;
			buildSettings = {
				ALWAYS_EMBED_SWIFT_STANDARD_LIBRARIES = YES;
				CODE_SIGN_STYLE = Automatic;
				CURRENT_PROJECT_VERSION = 1;
				DEVELOPMENT_TEAM = 5PVHGUKPAW;
				GENERATE_INFOPLIST_FILE = YES;
				LD_RUNPATH_SEARCH_PATHS = (
					"$(inherited)",
					"@executable_path/Frameworks",
					"@loader_path/Frameworks",
				);
				MARKETING_VERSION = 1.0;
				PRODUCT_BUNDLE_IDENTIFIER = "com.CodingKovs.BlockNote-appUITests";
				PRODUCT_NAME = "$(TARGET_NAME)";
				SWIFT_EMIT_LOC_STRINGS = NO;
				SWIFT_VERSION = 5.0;
				TARGETED_DEVICE_FAMILY = "1,2";
				TEST_TARGET_NAME = "BlockNote app";
			};
			name = Release;
		};
/* End XCBuildConfiguration section */

/* Begin XCConfigurationList section */
		4E18039F274058EA0096A87C /* Build configuration list for PBXProject "BlockNote app" */ = {
			isa = XCConfigurationList;
			buildConfigurations = (
				4E1803CF274058F00096A87C /* Debug */,
				4E1803D0274058F00096A87C /* Release */,
			);
			defaultConfigurationIsVisible = 0;
			defaultConfigurationName = Release;
		};
		4E1803D1274058F00096A87C /* Build configuration list for PBXNativeTarget "BlockNote app" */ = {
			isa = XCConfigurationList;
			buildConfigurations = (
				4E1803D2274058F00096A87C /* Debug */,
				4E1803D3274058F00096A87C /* Release */,
			);
			defaultConfigurationIsVisible = 0;
			defaultConfigurationName = Release;
		};
		4E1803D4274058F00096A87C /* Build configuration list for PBXNativeTarget "BlockNote appTests" */ = {
			isa = XCConfigurationList;
			buildConfigurations = (
				4E1803D5274058F00096A87C /* Debug */,
				4E1803D6274058F00096A87C /* Release */,
			);
			defaultConfigurationIsVisible = 0;
			defaultConfigurationName = Release;
		};
		4E1803D7274058F00096A87C /* Build configuration list for PBXNativeTarget "BlockNote appUITests" */ = {
			isa = XCConfigurationList;
			buildConfigurations = (
				4E1803D8274058F00096A87C /* Debug */,
				4E1803D9274058F00096A87C /* Release */,
			);
			defaultConfigurationIsVisible = 0;
			defaultConfigurationName = Release;
		};
/* End XCConfigurationList section */

/* Begin XCRemoteSwiftPackageReference section */
		4E44C7A9278CD52C0054E5E2 /* XCRemoteSwiftPackageReference "CodeEditor" */ = {
			isa = XCRemoteSwiftPackageReference;
			repositoryURL = "https://github.com/ZeeZide/CodeEditor.git";
			requirement = {
				branch = main;
				kind = branch;
			};
		};
/* End XCRemoteSwiftPackageReference section */

/* Begin XCSwiftPackageProductDependency section */
		4E44C7AA278CD52C0054E5E2 /* CodeEditor */ = {
			isa = XCSwiftPackageProductDependency;
			package = 4E44C7A9278CD52C0054E5E2 /* XCRemoteSwiftPackageReference "CodeEditor" */;
			productName = CodeEditor;
		};
/* End XCSwiftPackageProductDependency section */

/* Begin XCVersionGroup section */
		4E1803B0274058EA0096A87C /* BlockNote_app.xcdatamodeld */ = {
			isa = XCVersionGroup;
			children = (
				4E1803B1274058EA0096A87C /* BlockNote_app.xcdatamodel */,
			);
			currentVersion = 4E1803B1274058EA0096A87C /* BlockNote_app.xcdatamodel */;
			path = BlockNote_app.xcdatamodeld;
			sourceTree = "<group>";
			versionGroupType = wrapper.xcdatamodel;
		};
/* End XCVersionGroup section */
	};
	rootObject = 4E18039C274058EA0096A87C /* Project object */;
}
